PODS:
  - AFNetworking (2.1.0):
    - AFNetworking/NSURLConnection
    - AFNetworking/NSURLSession
    - AFNetworking/Reachability
    - AFNetworking/Security
    - AFNetworking/Serialization
    - AFNetworking/UIKit
  - AFNetworking/NSURLConnection (2.1.0):
    - AFNetworking/Reachability
    - AFNetworking/Security
    - AFNetworking/Serialization
  - AFNetworking/NSURLSession (2.1.0):
    - AFNetworking/NSURLConnection
  - AFNetworking/Reachability (2.1.0)
  - AFNetworking/Security (2.1.0)
  - AFNetworking/Serialization (2.1.0)
  - AFNetworking/UIKit (2.1.0):
    - AFNetworking/NSURLConnection
  - DTAlertView (1.2.1)
  - iCarousel (1.7.6)
  - MBSwitch (0.0.1)
  - MZAppearance (1.1.1)
  - MZFormSheetController (1.4.0):
    - MZAppearance (~> 1.1.1)
  - MZTimerLabel (0.2.1)
  - PBJVision (0.1.4)
  - SHSPhoneComponent (1.4)
  - SVSegmentedControl (0.2)

DEPENDENCIES:
  - AFNetworking (~> 2.0)
  - DTAlertView
  - iCarousel
  - MBSwitch
  - MZFormSheetController
  - MZTimerLabel (~> 0.1)
  - PBJVision
  - SHSPhoneComponent
  - SVSegmentedControl

SPEC CHECKSUMS:
  AFNetworking: c7d7901a83f631414c7eda1737261f696101a5cd
  DTAlertView: 366f517b23483842dca5ef4e56c2fc9abf70b826
  iCarousel: e23a26d7ba722215a42144e80adb0dcb59bebc41
  MBSwitch: fab7ee1b5d48efeafbd98f2141a4d0cc7d2428d8
  MZAppearance: 8b02683f0019f725557ae9839ed6cab153fff669
  MZFormSheetController: 6253af6f7c5baede40b8d2b02af5af9fe820fc39
  MZTimerLabel: 1ec7e65871aa808489a04ddf1933123f41b9eabc
  PBJVision: 0840e89fe0ef2547071452663e8b4f3d6511220b
  SHSPhoneComponent: f48d7d5dff3a2c1df7ff97f2567a4bc7314403a8
  SVSegmentedControl: e874fc56c2a1efb9f597ddf0908101393f53fe96

COCOAPODS: 0.23.0
