// !$*UTF8*$!
{
	archiveVersion = 1;
	classes = {
	};
	objectVersion = 46;
	objects = {

/* Begin PBXBuildFile section */
		18A68F68185388F8009019BC /* RippleModel.m in Sources */ = {isa = PBXBuildFile; fileRef = 18A68F62185388F8009019BC /* RippleModel.m */; };
		18A68F69185388F8009019BC /* RippleViewController.m in Sources */ = {isa = PBXBuildFile; fileRef = 18A68F64185388F8009019BC /* RippleViewController.m */; };
		18A68F7118538CF9009019BC /* OpenGLES.framework in Frameworks */ = {isa = PBXBuildFile; fileRef = 18A68F7018538CF9009019BC /* OpenGLES.framework */; };
		18A68F7318538D00009019BC /* GLKit.framework in Frameworks */ = {isa = PBXBuildFile; fileRef = 18A68F7218538D00009019BC /* GLKit.framework */; };
		18A68F7518538D1B009019BC /* AVFoundation.framework in Frameworks */ = {isa = PBXBuildFile; fileRef = 18A68F7418538D1B009019BC /* AVFoundation.framework */; };
		18A68F7818538DC7009019BC /* PMParentController.m in Sources */ = {isa = PBXBuildFile; fileRef = 18A68F7718538DC6009019BC /* PMParentController.m */; };
		18A68F801853A009009019BC /* active-eye.png in Resources */ = {isa = PBXBuildFile; fileRef = 18A68F7A1853A009009019BC /* active-eye.png */; };
		18A68F811853A009009019BC /* active-finger.png in Resources */ = {isa = PBXBuildFile; fileRef = 18A68F7B1853A009009019BC /* active-finger.png */; };
		18A68F821853A009009019BC /* active-monogram.png in Resources */ = {isa = PBXBuildFile; fileRef = 18A68F7C1853A009009019BC /* active-monogram.png */; };
		18A68F831853A009009019BC /* active-siluet.png in Resources */ = {isa = PBXBuildFile; fileRef = 18A68F7D1853A009009019BC /* active-siluet.png */; };
		18A68F841853A009009019BC /* active-voice.png in Resources */ = {isa = PBXBuildFile; fileRef = 18A68F7E1853A009009019BC /* active-voice.png */; };
		18A68F851853A009009019BC /* settings.png in Resources */ = {isa = PBXBuildFile; fileRef = 18A68F7F1853A009009019BC /* settings.png */; };
		18A68F8A1853ABEC009019BC /* PMActivationView.m in Sources */ = {isa = PBXBuildFile; fileRef = 18A68F891853ABEC009019BC /* PMActivationView.m */; };
		18A68F8D1853AD89009019BC /* UIImage+UIImageFunctions.m in Sources */ = {isa = PBXBuildFile; fileRef = 18A68F8C1853AD89009019BC /* UIImage+UIImageFunctions.m */; };
		18A68F901853BF52009019BC /* MyriadPro-Cond.otf in Resources */ = {isa = PBXBuildFile; fileRef = 18A68F8F1853BF52009019BC /* MyriadPro-Cond.otf */; };
		18A68F9218546058009019BC /* settings-close.png in Resources */ = {isa = PBXBuildFile; fileRef = 18A68F9118546058009019BC /* settings-close.png */; };
		18A68F981854682E009019BC /* active-eye-disable.png in Resources */ = {isa = PBXBuildFile; fileRef = 18A68F941854682E009019BC /* active-eye-disable.png */; };
		18A68F991854682E009019BC /* active-finger-disable.png in Resources */ = {isa = PBXBuildFile; fileRef = 18A68F951854682E009019BC /* active-finger-disable.png */; };
		18A68F9A1854682E009019BC /* active-siluet-disable.png in Resources */ = {isa = PBXBuildFile; fileRef = 18A68F961854682E009019BC /* active-siluet-disable.png */; };
		18A68F9B1854682E009019BC /* active-voice-disable.png in Resources */ = {isa = PBXBuildFile; fileRef = 18A68F971854682E009019BC /* active-voice-disable.png */; };
		18A68F9D18546DD3009019BC /* active-monogram-disable.png in Resources */ = {isa = PBXBuildFile; fileRef = 18A68F9C18546DD3009019BC /* active-monogram-disable.png */; };
		18A68FB2185484A6009019BC /* ATTRactorManager.m in Sources */ = {isa = PBXBuildFile; fileRef = 18A68FA1185484A6009019BC /* ATTRactorManager.m */; };
		18A68FB3185484A6009019BC /* ATTRactorObject.m in Sources */ = {isa = PBXBuildFile; fileRef = 18A68FA3185484A6009019BC /* ATTRactorObject.m */; };
		18A68FB4185484A6009019BC /* AudioFileReader.mm in Sources */ = {isa = PBXBuildFile; fileRef = 18A68FA6185484A6009019BC /* AudioFileReader.mm */; settings = {COMPILER_FLAGS = "-fno-objc-arc"; }; };
		18A68FB5185484A6009019BC /* AudioFileWriter.m in Sources */ = {isa = PBXBuildFile; fileRef = 18A68FA8185484A6009019BC /* AudioFileWriter.m */; settings = {COMPILER_FLAGS = "-fno-objc-arc"; }; };
		18A68FB6185484A6009019BC /* Novocaine.m in Sources */ = {isa = PBXBuildFile; fileRef = 18A68FAA185484A6009019BC /* Novocaine.m */; settings = {COMPILER_FLAGS = "-fno-objc-arc"; }; };
		18A68FB7185484A6009019BC /* RingBuffer.mm in Sources */ = {isa = PBXBuildFile; fileRef = 18A68FAC185484A6009019BC /* RingBuffer.mm */; settings = {COMPILER_FLAGS = "-fno-objc-arc"; }; };
		18A68FB8185484A6009019BC /* ifs_fragment.glsl in Resources */ = {isa = PBXBuildFile; fileRef = 18A68FAE185484A6009019BC /* ifs_fragment.glsl */; };
		18A68FB9185484A6009019BC /* ifs_vertex.glsl in Resources */ = {isa = PBXBuildFile; fileRef = 18A68FAF185484A6009019BC /* ifs_vertex.glsl */; };
		18A68FBA185484A6009019BC /* ATTRactorView.m in Sources */ = {isa = PBXBuildFile; fileRef = 18A68FB0185484A6009019BC /* ATTRactorView.m */; };
		18A68FBC18548513009019BC /* AudioToolbox.framework in Frameworks */ = {isa = PBXBuildFile; fileRef = 18A68FBB18548513009019BC /* AudioToolbox.framework */; };
		18A68FBE18548518009019BC /* CoreAudio.framework in Frameworks */ = {isa = PBXBuildFile; fileRef = 18A68FBD18548518009019BC /* CoreAudio.framework */; };
		18A68FC31854D3FF009019BC /* close-voice.png in Resources */ = {isa = PBXBuildFile; fileRef = 18A68FC01854D3FF009019BC /* close-voice.png */; };
		18A68FC41854D3FF009019BC /* reset-voice.png in Resources */ = {isa = PBXBuildFile; fileRef = 18A68FC11854D3FF009019BC /* reset-voice.png */; };
		18A68FC51854D3FF009019BC /* save-voice.png in Resources */ = {isa = PBXBuildFile; fileRef = 18A68FC21854D3FF009019BC /* save-voice.png */; };
		18A84C641851D32600612BE5 /* Foundation.framework in Frameworks */ = {isa = PBXBuildFile; fileRef = 18A84C631851D32600612BE5 /* Foundation.framework */; };
		18A84C661851D32600612BE5 /* CoreGraphics.framework in Frameworks */ = {isa = PBXBuildFile; fileRef = 18A84C651851D32600612BE5 /* CoreGraphics.framework */; };
		18A84C681851D32600612BE5 /* UIKit.framework in Frameworks */ = {isa = PBXBuildFile; fileRef = 18A84C671851D32600612BE5 /* UIKit.framework */; };
		18A84C6A1851D32600612BE5 /* CoreData.framework in Frameworks */ = {isa = PBXBuildFile; fileRef = 18A84C691851D32600612BE5 /* CoreData.framework */; };
		18A84C701851D32600612BE5 /* InfoPlist.strings in Resources */ = {isa = PBXBuildFile; fileRef = 18A84C6E1851D32600612BE5 /* InfoPlist.strings */; };
		18A84C721851D32600612BE5 /* main.m in Sources */ = {isa = PBXBuildFile; fileRef = 18A84C711851D32600612BE5 /* main.m */; };
		18A84C761851D32600612BE5 /* PMAppDelegate.m in Sources */ = {isa = PBXBuildFile; fileRef = 18A84C751851D32600612BE5 /* PMAppDelegate.m */; };
		18A84C791851D32600612BE5 /* ParlamentApp.xcdatamodeld in Sources */ = {isa = PBXBuildFile; fileRef = 18A84C771851D32600612BE5 /* ParlamentApp.xcdatamodeld */; };
		18A84C7B1851D32600612BE5 /* Images.xcassets in Resources */ = {isa = PBXBuildFile; fileRef = 18A84C7A1851D32600612BE5 /* Images.xcassets */; };
		18A84C821851D32700612BE5 /* XCTest.framework in Frameworks */ = {isa = PBXBuildFile; fileRef = 18A84C811851D32700612BE5 /* XCTest.framework */; };
		18A84C831851D32700612BE5 /* Foundation.framework in Frameworks */ = {isa = PBXBuildFile; fileRef = 18A84C631851D32600612BE5 /* Foundation.framework */; };
		18A84C841851D32700612BE5 /* UIKit.framework in Frameworks */ = {isa = PBXBuildFile; fileRef = 18A84C671851D32600612BE5 /* UIKit.framework */; };
		18A84C851851D32700612BE5 /* CoreData.framework in Frameworks */ = {isa = PBXBuildFile; fileRef = 18A84C691851D32600612BE5 /* CoreData.framework */; };
		18A84C8D1851D32700612BE5 /* InfoPlist.strings in Resources */ = {isa = PBXBuildFile; fileRef = 18A84C8B1851D32700612BE5 /* InfoPlist.strings */; };
		18A84C8F1851D32700612BE5 /* ParlamentAppTests.m in Sources */ = {isa = PBXBuildFile; fileRef = 18A84C8E1851D32700612BE5 /* ParlamentAppTests.m */; };
		18A84C9B1851D56500612BE5 /* background.png in Resources */ = {isa = PBXBuildFile; fileRef = 18A84C9A1851D56500612BE5 /* background.png */; };
		18A84CA01851D5A600612BE5 /* PMRootMenuController.m in Sources */ = {isa = PBXBuildFile; fileRef = 18A84C9E1851D5A600612BE5 /* PMRootMenuController.m */; };
		18A84CA11851D5A600612BE5 /* PMRootMenuController.xib in Resources */ = {isa = PBXBuildFile; fileRef = 18A84C9F1851D5A600612BE5 /* PMRootMenuController.xib */; };
		18A84CA61851E04D00612BE5 /* PMSettingsViewContoller.m in Sources */ = {isa = PBXBuildFile; fileRef = 18A84CA41851E04D00612BE5 /* PMSettingsViewContoller.m */; };
		18A84CA71851E04D00612BE5 /* PMSettingsViewContoller.xib in Resources */ = {isa = PBXBuildFile; fileRef = 18A84CA51851E04D00612BE5 /* PMSettingsViewContoller.xib */; };
		18A84CAB1851E1F800612BE5 /* UINavigationController+ClearSlider.m in Sources */ = {isa = PBXBuildFile; fileRef = 18A84CAA1851E1F800612BE5 /* UINavigationController+ClearSlider.m */; };
		18A84CB01852047700612BE5 /* PMVoiceVisualizationVC.m in Sources */ = {isa = PBXBuildFile; fileRef = 18A84CAE1852047700612BE5 /* PMVoiceVisualizationVC.m */; };
		18A84CB11852047700612BE5 /* PMVoiceVisualizationVC.xib in Resources */ = {isa = PBXBuildFile; fileRef = 18A84CAF1852047700612BE5 /* PMVoiceVisualizationVC.xib */; };
		18A84CB71852084700612BE5 /* UIView+GestureBlocks.m in Sources */ = {isa = PBXBuildFile; fileRef = 18A84CB61852084700612BE5 /* UIView+GestureBlocks.m */; };
		18A84CC7185383CF00612BE5 /* PMRootViewController.m in Sources */ = {isa = PBXBuildFile; fileRef = 18A84CC5185383CF00612BE5 /* PMRootViewController.m */; };
		18A84CC8185383CF00612BE5 /* PMRootViewController.xib in Resources */ = {isa = PBXBuildFile; fileRef = 18A84CC6185383CF00612BE5 /* PMRootViewController.xib */; };
		18EA46191855D8AC0066A22C /* clear_button.png in Resources */ = {isa = PBXBuildFile; fileRef = 18EA46181855D8AC0066A22C /* clear_button.png */; };
		18EA461B1855DC9B0066A22C /* arrows-fullview.png in Resources */ = {isa = PBXBuildFile; fileRef = 18EA461A1855DC9B0066A22C /* arrows-fullview.png */; };
		18EA46201855F1590066A22C /* PMMonogramVC.m in Sources */ = {isa = PBXBuildFile; fileRef = 18EA461E1855F1590066A22C /* PMMonogramVC.m */; };
		18EA46211855F1590066A22C /* PMMonogramVC.xib in Resources */ = {isa = PBXBuildFile; fileRef = 18EA461F1855F1590066A22C /* PMMonogramVC.xib */; };
		18EA46251855F23E0066A22C /* further.png in Resources */ = {isa = PBXBuildFile; fileRef = 18EA46231855F23E0066A22C /* further.png */; };
		18EA46261855F23E0066A22C /* initial-textinput.png in Resources */ = {isa = PBXBuildFile; fileRef = 18EA46241855F23E0066A22C /* initial-textinput.png */; };
		18EA462B1855FB1C0066A22C /* PMChooseFontVC.m in Sources */ = {isa = PBXBuildFile; fileRef = 18EA46291855FB1C0066A22C /* PMChooseFontVC.m */; };
		18EA462C1855FB1C0066A22C /* PMChooseFontVC.xib in Resources */ = {isa = PBXBuildFile; fileRef = 18EA462A1855FB1C0066A22C /* PMChooseFontVC.xib */; };
		18EA462E185601CD0066A22C /* scroll-background.png in Resources */ = {isa = PBXBuildFile; fileRef = 18EA462D185601CD0066A22C /* scroll-background.png */; };
		18EA464B185661D90066A22C /* adineki.png in Resources */ = {isa = PBXBuildFile; fileRef = 18EA4630185661D90066A22C /* adineki.png */; };
		18EA464C185661D90066A22C /* bedini.png in Resources */ = {isa = PBXBuildFile; fileRef = 18EA4631185661D90066A22C /* bedini.png */; };
		18EA464D185661D90066A22C /* acquests.png in Resources */ = {isa = PBXBuildFile; fileRef = 18EA4632185661D90066A22C /* acquests.png */; };
		18EA464E185661D90066A22C /* adventur.png in Resources */ = {isa = PBXBuildFile; fileRef = 18EA4633185661D90066A22C /* adventur.png */; };
		18EA464F185661D90066A22C /* agatha.png in Resources */ = {isa = PBXBuildFile; fileRef = 18EA4634185661D90066A22C /* agatha.png */; };
		18EA4650185661D90066A22C /* alexandr.png in Resources */ = {isa = PBXBuildFile; fileRef = 18EA4635185661D90066A22C /* alexandr.png */; };
		18EA4651185661D90066A22C /* ampir.png in Resources */ = {isa = PBXBuildFile; fileRef = 18EA4636185661D90066A22C /* ampir.png */; };
		18EA4652185661D90066A22C /* andantino.png in Resources */ = {isa = PBXBuildFile; fileRef = 18EA4637185661D90066A22C /* andantino.png */; };
		18EA4653185661D90066A22C /* annabel.png in Resources */ = {isa = PBXBuildFile; fileRef = 18EA4638185661D90066A22C /* annabel.png */; };
		18EA4654185661D90066A22C /* aquarelle.png in Resources */ = {isa = PBXBuildFile; fileRef = 18EA4639185661D90066A22C /* aquarelle.png */; };
		18EA4655185661D90066A22C /* ariston.png in Resources */ = {isa = PBXBuildFile; fileRef = 18EA463A185661D90066A22C /* ariston.png */; };
		18EA4656185661D90066A22C /* veron.png in Resources */ = {isa = PBXBuildFile; fileRef = 18EA463B185661D90066A22C /* veron.png */; };
		18EA4657185661D90066A22C /* acquests.ttf in Resources */ = {isa = PBXBuildFile; fileRef = 18EA463C185661D90066A22C /* acquests.ttf */; };
		18EA4658185661D90066A22C /* adineki.ttf in Resources */ = {isa = PBXBuildFile; fileRef = 18EA463D185661D90066A22C /* adineki.ttf */; };
		18EA4659185661D90066A22C /* adventur.ttf in Resources */ = {isa = PBXBuildFile; fileRef = 18EA463E185661D90066A22C /* adventur.ttf */; };
		18EA465A185661D90066A22C /* agatha.ttf in Resources */ = {isa = PBXBuildFile; fileRef = 18EA463F185661D90066A22C /* agatha.ttf */; };
		18EA465B185661D90066A22C /* alexandr.ttf in Resources */ = {isa = PBXBuildFile; fileRef = 18EA4640185661D90066A22C /* alexandr.ttf */; };
		18EA465C185661D90066A22C /* ampir.ttf in Resources */ = {isa = PBXBuildFile; fileRef = 18EA4641185661D90066A22C /* ampir.ttf */; };
		18EA465D185661D90066A22C /* andantino.ttf in Resources */ = {isa = PBXBuildFile; fileRef = 18EA4642185661D90066A22C /* andantino.ttf */; };
		18EA465E185661D90066A22C /* annabel.ttf in Resources */ = {isa = PBXBuildFile; fileRef = 18EA4643185661D90066A22C /* annabel.ttf */; };
		18EA465F185661D90066A22C /* aquarelle.ttf in Resources */ = {isa = PBXBuildFile; fileRef = 18EA4644185661D90066A22C /* aquarelle.ttf */; };
		18EA4660185661D90066A22C /* ariston.ttf in Resources */ = {isa = PBXBuildFile; fileRef = 18EA4645185661D90066A22C /* ariston.ttf */; };
		18EA4661185661D90066A22C /* bedini.ttf in Resources */ = {isa = PBXBuildFile; fileRef = 18EA4646185661D90066A22C /* bedini.ttf */; };
		18EA4662185661D90066A22C /* champagne.ttf in Resources */ = {isa = PBXBuildFile; fileRef = 18EA4647185661D90066A22C /* champagne.ttf */; };
		18EA4663185661D90066A22C /* comfortaa.ttf in Resources */ = {isa = PBXBuildFile; fileRef = 18EA4648185661D90066A22C /* comfortaa.ttf */; };
		18EA4664185661D90066A22C /* dolphian.TTF in Resources */ = {isa = PBXBuildFile; fileRef = 18EA4649185661D90066A22C /* dolphian.TTF */; };
		18EA4665185661D90066A22C /* veron.ttf in Resources */ = {isa = PBXBuildFile; fileRef = 18EA464A185661D90066A22C /* veron.ttf */; };
		18EA466B1856FE7E0066A22C /* PMFingerVC.m in Sources */ = {isa = PBXBuildFile; fileRef = 18EA46691856FE7E0066A22C /* PMFingerVC.m */; };
		18EA466C1856FE7E0066A22C /* PMFingerVC.xib in Resources */ = {isa = PBXBuildFile; fileRef = 18EA466A1856FE7E0066A22C /* PMFingerVC.xib */; };
		18EA4688185734EC0066A22C /* PMSiluetVC.m in Sources */ = {isa = PBXBuildFile; fileRef = 18EA4686185734EC0066A22C /* PMSiluetVC.m */; };
		18EA4689185734EC0066A22C /* PMSiluetVC.xib in Resources */ = {isa = PBXBuildFile; fileRef = 18EA4687185734EC0066A22C /* PMSiluetVC.xib */; };
		18EA469018573E500066A22C /* RippleShader.fsh in Sources */ = {isa = PBXBuildFile; fileRef = 18EA468E18573E500066A22C /* RippleShader.fsh */; };
		18EA469118573E500066A22C /* RippleShader.vsh in Sources */ = {isa = PBXBuildFile; fileRef = 18EA468F18573E500066A22C /* RippleShader.vsh */; };
		18EA469218573E8A0066A22C /* RippleShader.fsh in Resources */ = {isa = PBXBuildFile; fileRef = 18EA468E18573E500066A22C /* RippleShader.fsh */; };
		18EA469318573E8A0066A22C /* RippleShader.vsh in Resources */ = {isa = PBXBuildFile; fileRef = 18EA468F18573E500066A22C /* RippleShader.vsh */; };
		18EA469518575F960066A22C /* CoreImage.framework in Frameworks */ = {isa = PBXBuildFile; fileRef = 18EA469418575F950066A22C /* CoreImage.framework */; };
		18EA469718575F9E0066A22C /* QuartzCore.framework in Frameworks */ = {isa = PBXBuildFile; fileRef = 18EA469618575F9E0066A22C /* QuartzCore.framework */; };
		18EA4699185766430066A22C /* CoreVideo.framework in Frameworks */ = {isa = PBXBuildFile; fileRef = 18EA4698185766430066A22C /* CoreVideo.framework */; };
		18EA469C185766F20066A22C /* UIColor+HSVAdditions.m in Sources */ = {isa = PBXBuildFile; fileRef = 18EA469B185766F20066A22C /* UIColor+HSVAdditions.m */; };
		18EA469F185767560066A22C /* UIColor+Expanded.m in Sources */ = {isa = PBXBuildFile; fileRef = 18EA469E185767560066A22C /* UIColor+Expanded.m */; };
		18EA46A1185783FC0066A22C /* test.png in Resources */ = {isa = PBXBuildFile; fileRef = 18EA46A0185783FC0066A22C /* test.png */; };
		18EA46A318578A430066A22C /* test2.png in Resources */ = {isa = PBXBuildFile; fileRef = 18EA46A218578A430066A22C /* test2.png */; };
		18EA46A51857ABC50066A22C /* test3.png in Resources */ = {isa = PBXBuildFile; fileRef = 18EA46A41857ABC50066A22C /* test3.png */; };
		18EA46A918595EF20066A22C /* PMCustomKeyboard.m in Sources */ = {isa = PBXBuildFile; fileRef = 18EA46A818595EF20066A22C /* PMCustomKeyboard.m */; };
		18EA46AB18595F0C0066A22C /* PMCustomKeyboard.xib in Resources */ = {isa = PBXBuildFile; fileRef = 18EA46AA18595F0C0066A22C /* PMCustomKeyboard.xib */; };
		18EA46AF1859610C0066A22C /* button-key.png in Resources */ = {isa = PBXBuildFile; fileRef = 18EA46AD1859610C0066A22C /* button-key.png */; };
		18EA46B01859610C0066A22C /* delete.png in Resources */ = {isa = PBXBuildFile; fileRef = 18EA46AE1859610C0066A22C /* delete.png */; };
		4DAB77C04BEC400B9C6A466E /* libPods.a in Frameworks */ = {isa = PBXBuildFile; fileRef = B82D6C46B6664C009AA7199C /* libPods.a */; };
/* End PBXBuildFile section */

/* Begin PBXContainerItemProxy section */
		18A84C861851D32700612BE5 /* PBXContainerItemProxy */ = {
			isa = PBXContainerItemProxy;
			containerPortal = 18A84C581851D32600612BE5 /* Project object */;
			proxyType = 1;
			remoteGlobalIDString = 18A84C5F1851D32600612BE5;
			remoteInfo = ParlamentApp;
		};
/* End PBXContainerItemProxy section */

/* Begin PBXFileReference section */
		18A68F61185388F8009019BC /* RippleModel.h */ = {isa = PBXFileReference; fileEncoding = 4; lastKnownFileType = sourcecode.c.h; path = RippleModel.h; sourceTree = "<group>"; };
		18A68F62185388F8009019BC /* RippleModel.m */ = {isa = PBXFileReference; fileEncoding = 4; lastKnownFileType = sourcecode.c.objc; path = RippleModel.m; sourceTree = "<group>"; };
		18A68F63185388F8009019BC /* RippleViewController.h */ = {isa = PBXFileReference; fileEncoding = 4; lastKnownFileType = sourcecode.c.h; path = RippleViewController.h; sourceTree = "<group>"; };
		18A68F64185388F8009019BC /* RippleViewController.m */ = {isa = PBXFileReference; fileEncoding = 4; lastKnownFileType = sourcecode.c.objc; path = RippleViewController.m; sourceTree = "<group>"; };
		18A68F6F18538B90009019BC /* Global.h */ = {isa = PBXFileReference; fileEncoding = 4; lastKnownFileType = sourcecode.c.h; path = Global.h; sourceTree = "<group>"; };
		18A68F7018538CF9009019BC /* OpenGLES.framework */ = {isa = PBXFileReference; lastKnownFileType = wrapper.framework; name = OpenGLES.framework; path = System/Library/Frameworks/OpenGLES.framework; sourceTree = SDKROOT; };
		18A68F7218538D00009019BC /* GLKit.framework */ = {isa = PBXFileReference; lastKnownFileType = wrapper.framework; name = GLKit.framework; path = System/Library/Frameworks/GLKit.framework; sourceTree = SDKROOT; };
		18A68F7418538D1B009019BC /* AVFoundation.framework */ = {isa = PBXFileReference; lastKnownFileType = wrapper.framework; name = AVFoundation.framework; path = System/Library/Frameworks/AVFoundation.framework; sourceTree = SDKROOT; };
		18A68F7618538DC6009019BC /* PMParentController.h */ = {isa = PBXFileReference; fileEncoding = 4; lastKnownFileType = sourcecode.c.h; path = PMParentController.h; sourceTree = "<group>"; };
		18A68F7718538DC6009019BC /* PMParentController.m */ = {isa = PBXFileReference; fileEncoding = 4; lastKnownFileType = sourcecode.c.objc; path = PMParentController.m; sourceTree = "<group>"; };
		18A68F7A1853A009009019BC /* active-eye.png */ = {isa = PBXFileReference; lastKnownFileType = image.png; path = "active-eye.png"; sourceTree = "<group>"; };
		18A68F7B1853A009009019BC /* active-finger.png */ = {isa = PBXFileReference; lastKnownFileType = image.png; path = "active-finger.png"; sourceTree = "<group>"; };
		18A68F7C1853A009009019BC /* active-monogram.png */ = {isa = PBXFileReference; lastKnownFileType = image.png; path = "active-monogram.png"; sourceTree = "<group>"; };
		18A68F7D1853A009009019BC /* active-siluet.png */ = {isa = PBXFileReference; lastKnownFileType = image.png; path = "active-siluet.png"; sourceTree = "<group>"; };
		18A68F7E1853A009009019BC /* active-voice.png */ = {isa = PBXFileReference; lastKnownFileType = image.png; path = "active-voice.png"; sourceTree = "<group>"; };
		18A68F7F1853A009009019BC /* settings.png */ = {isa = PBXFileReference; lastKnownFileType = image.png; path = settings.png; sourceTree = "<group>"; };
		18A68F881853ABEC009019BC /* PMActivationView.h */ = {isa = PBXFileReference; fileEncoding = 4; lastKnownFileType = sourcecode.c.h; path = PMActivationView.h; sourceTree = "<group>"; };
		18A68F891853ABEC009019BC /* PMActivationView.m */ = {isa = PBXFileReference; fileEncoding = 4; lastKnownFileType = sourcecode.c.objc; path = PMActivationView.m; sourceTree = "<group>"; };
		18A68F8B1853AD89009019BC /* UIImage+UIImageFunctions.h */ = {isa = PBXFileReference; fileEncoding = 4; lastKnownFileType = sourcecode.c.h; path = "UIImage+UIImageFunctions.h"; sourceTree = "<group>"; };
		18A68F8C1853AD89009019BC /* UIImage+UIImageFunctions.m */ = {isa = PBXFileReference; fileEncoding = 4; lastKnownFileType = sourcecode.c.objc; path = "UIImage+UIImageFunctions.m"; sourceTree = "<group>"; };
		18A68F8F1853BF52009019BC /* MyriadPro-Cond.otf */ = {isa = PBXFileReference; lastKnownFileType = file; path = "MyriadPro-Cond.otf"; sourceTree = "<group>"; };
		18A68F9118546058009019BC /* settings-close.png */ = {isa = PBXFileReference; lastKnownFileType = image.png; path = "settings-close.png"; sourceTree = "<group>"; };
		18A68F941854682E009019BC /* active-eye-disable.png */ = {isa = PBXFileReference; lastKnownFileType = image.png; path = "active-eye-disable.png"; sourceTree = "<group>"; };
		18A68F951854682E009019BC /* active-finger-disable.png */ = {isa = PBXFileReference; lastKnownFileType = image.png; path = "active-finger-disable.png"; sourceTree = "<group>"; };
		18A68F961854682E009019BC /* active-siluet-disable.png */ = {isa = PBXFileReference; lastKnownFileType = image.png; path = "active-siluet-disable.png"; sourceTree = "<group>"; };
		18A68F971854682E009019BC /* active-voice-disable.png */ = {isa = PBXFileReference; lastKnownFileType = image.png; path = "active-voice-disable.png"; sourceTree = "<group>"; };
		18A68F9C18546DD3009019BC /* active-monogram-disable.png */ = {isa = PBXFileReference; lastKnownFileType = image.png; path = "active-monogram-disable.png"; sourceTree = "<group>"; };
		18A68FA0185484A6009019BC /* ATTRactorManager.h */ = {isa = PBXFileReference; fileEncoding = 4; lastKnownFileType = sourcecode.c.h; path = ATTRactorManager.h; sourceTree = "<group>"; };
		18A68FA1185484A6009019BC /* ATTRactorManager.m */ = {isa = PBXFileReference; fileEncoding = 4; lastKnownFileType = sourcecode.c.objc; path = ATTRactorManager.m; sourceTree = "<group>"; };
		18A68FA2185484A6009019BC /* ATTRactorObject.h */ = {isa = PBXFileReference; fileEncoding = 4; lastKnownFileType = sourcecode.c.h; path = ATTRactorObject.h; sourceTree = "<group>"; };
		18A68FA3185484A6009019BC /* ATTRactorObject.m */ = {isa = PBXFileReference; fileEncoding = 4; lastKnownFileType = sourcecode.c.objc; path = ATTRactorObject.m; sourceTree = "<group>"; };
		18A68FA5185484A6009019BC /* AudioFileReader.h */ = {isa = PBXFileReference; fileEncoding = 4; lastKnownFileType = sourcecode.c.h; path = AudioFileReader.h; sourceTree = "<group>"; };
		18A68FA6185484A6009019BC /* AudioFileReader.mm */ = {isa = PBXFileReference; fileEncoding = 4; lastKnownFileType = sourcecode.cpp.objcpp; path = AudioFileReader.mm; sourceTree = "<group>"; };
		18A68FA7185484A6009019BC /* AudioFileWriter.h */ = {isa = PBXFileReference; fileEncoding = 4; lastKnownFileType = sourcecode.c.h; path = AudioFileWriter.h; sourceTree = "<group>"; };
		18A68FA8185484A6009019BC /* AudioFileWriter.m */ = {isa = PBXFileReference; fileEncoding = 4; lastKnownFileType = sourcecode.c.objc; path = AudioFileWriter.m; sourceTree = "<group>"; };
		18A68FA9185484A6009019BC /* Novocaine.h */ = {isa = PBXFileReference; fileEncoding = 4; lastKnownFileType = sourcecode.c.h; path = Novocaine.h; sourceTree = "<group>"; };
		18A68FAA185484A6009019BC /* Novocaine.m */ = {isa = PBXFileReference; fileEncoding = 4; lastKnownFileType = sourcecode.c.objc; path = Novocaine.m; sourceTree = "<group>"; };
		18A68FAB185484A6009019BC /* RingBuffer.h */ = {isa = PBXFileReference; fileEncoding = 4; lastKnownFileType = sourcecode.c.h; path = RingBuffer.h; sourceTree = "<group>"; };
		18A68FAC185484A6009019BC /* RingBuffer.mm */ = {isa = PBXFileReference; fileEncoding = 4; lastKnownFileType = sourcecode.cpp.objcpp; path = RingBuffer.mm; sourceTree = "<group>"; };
		18A68FAE185484A6009019BC /* ifs_fragment.glsl */ = {isa = PBXFileReference; fileEncoding = 4; lastKnownFileType = text; path = ifs_fragment.glsl; sourceTree = "<group>"; };
		18A68FAF185484A6009019BC /* ifs_vertex.glsl */ = {isa = PBXFileReference; fileEncoding = 4; lastKnownFileType = text; path = ifs_vertex.glsl; sourceTree = "<group>"; };
		18A68FB0185484A6009019BC /* ATTRactorView.m */ = {isa = PBXFileReference; fileEncoding = 4; lastKnownFileType = sourcecode.c.objc; path = ATTRactorView.m; sourceTree = "<group>"; };
		18A68FB1185484A6009019BC /* ATTRactorView.h */ = {isa = PBXFileReference; fileEncoding = 4; lastKnownFileType = sourcecode.c.h; path = ATTRactorView.h; sourceTree = "<group>"; };
		18A68FBB18548513009019BC /* AudioToolbox.framework */ = {isa = PBXFileReference; lastKnownFileType = wrapper.framework; name = AudioToolbox.framework; path = System/Library/Frameworks/AudioToolbox.framework; sourceTree = SDKROOT; };
		18A68FBD18548518009019BC /* CoreAudio.framework */ = {isa = PBXFileReference; lastKnownFileType = wrapper.framework; name = CoreAudio.framework; path = System/Library/Frameworks/CoreAudio.framework; sourceTree = SDKROOT; };
		18A68FC01854D3FF009019BC /* close-voice.png */ = {isa = PBXFileReference; lastKnownFileType = image.png; path = "close-voice.png"; sourceTree = "<group>"; };
		18A68FC11854D3FF009019BC /* reset-voice.png */ = {isa = PBXFileReference; lastKnownFileType = image.png; path = "reset-voice.png"; sourceTree = "<group>"; };
		18A68FC21854D3FF009019BC /* save-voice.png */ = {isa = PBXFileReference; lastKnownFileType = image.png; path = "save-voice.png"; sourceTree = "<group>"; };
		18A84C601851D32600612BE5 /* ParlamentApp.app */ = {isa = PBXFileReference; explicitFileType = wrapper.application; includeInIndex = 0; path = ParlamentApp.app; sourceTree = BUILT_PRODUCTS_DIR; };
		18A84C631851D32600612BE5 /* Foundation.framework */ = {isa = PBXFileReference; lastKnownFileType = wrapper.framework; name = Foundation.framework; path = System/Library/Frameworks/Foundation.framework; sourceTree = SDKROOT; };
		18A84C651851D32600612BE5 /* CoreGraphics.framework */ = {isa = PBXFileReference; lastKnownFileType = wrapper.framework; name = CoreGraphics.framework; path = System/Library/Frameworks/CoreGraphics.framework; sourceTree = SDKROOT; };
		18A84C671851D32600612BE5 /* UIKit.framework */ = {isa = PBXFileReference; lastKnownFileType = wrapper.framework; name = UIKit.framework; path = System/Library/Frameworks/UIKit.framework; sourceTree = SDKROOT; };
		18A84C691851D32600612BE5 /* CoreData.framework */ = {isa = PBXFileReference; lastKnownFileType = wrapper.framework; name = CoreData.framework; path = System/Library/Frameworks/CoreData.framework; sourceTree = SDKROOT; };
		18A84C6D1851D32600612BE5 /* ParlamentApp-Info.plist */ = {isa = PBXFileReference; lastKnownFileType = text.plist.xml; path = "ParlamentApp-Info.plist"; sourceTree = "<group>"; };
		18A84C6F1851D32600612BE5 /* en */ = {isa = PBXFileReference; lastKnownFileType = text.plist.strings; name = en; path = en.lproj/InfoPlist.strings; sourceTree = "<group>"; };
		18A84C711851D32600612BE5 /* main.m */ = {isa = PBXFileReference; lastKnownFileType = sourcecode.c.objc; path = main.m; sourceTree = "<group>"; };
		18A84C731851D32600612BE5 /* ParlamentApp-Prefix.pch */ = {isa = PBXFileReference; lastKnownFileType = sourcecode.c.h; path = "ParlamentApp-Prefix.pch"; sourceTree = "<group>"; };
		18A84C741851D32600612BE5 /* PMAppDelegate.h */ = {isa = PBXFileReference; lastKnownFileType = sourcecode.c.h; path = PMAppDelegate.h; sourceTree = "<group>"; };
		18A84C751851D32600612BE5 /* PMAppDelegate.m */ = {isa = PBXFileReference; lastKnownFileType = sourcecode.c.objc; path = PMAppDelegate.m; sourceTree = "<group>"; };
		18A84C781851D32600612BE5 /* ParlamentApp.xcdatamodel */ = {isa = PBXFileReference; lastKnownFileType = wrapper.xcdatamodel; path = ParlamentApp.xcdatamodel; sourceTree = "<group>"; };
		18A84C7A1851D32600612BE5 /* Images.xcassets */ = {isa = PBXFileReference; lastKnownFileType = folder.assetcatalog; path = Images.xcassets; sourceTree = "<group>"; };
		18A84C801851D32700612BE5 /* ParlamentAppTests.xctest */ = {isa = PBXFileReference; explicitFileType = wrapper.cfbundle; includeInIndex = 0; path = ParlamentAppTests.xctest; sourceTree = BUILT_PRODUCTS_DIR; };
		18A84C811851D32700612BE5 /* XCTest.framework */ = {isa = PBXFileReference; lastKnownFileType = wrapper.framework; name = XCTest.framework; path = Library/Frameworks/XCTest.framework; sourceTree = DEVELOPER_DIR; };
		18A84C8A1851D32700612BE5 /* ParlamentAppTests-Info.plist */ = {isa = PBXFileReference; lastKnownFileType = text.plist.xml; path = "ParlamentAppTests-Info.plist"; sourceTree = "<group>"; };
		18A84C8C1851D32700612BE5 /* en */ = {isa = PBXFileReference; lastKnownFileType = text.plist.strings; name = en; path = en.lproj/InfoPlist.strings; sourceTree = "<group>"; };
		18A84C8E1851D32700612BE5 /* ParlamentAppTests.m */ = {isa = PBXFileReference; lastKnownFileType = sourcecode.c.objc; path = ParlamentAppTests.m; sourceTree = "<group>"; };
		18A84C9A1851D56500612BE5 /* background.png */ = {isa = PBXFileReference; lastKnownFileType = image.png; path = background.png; sourceTree = "<group>"; };
		18A84C9D1851D5A600612BE5 /* PMRootMenuController.h */ = {isa = PBXFileReference; fileEncoding = 4; lastKnownFileType = sourcecode.c.h; path = PMRootMenuController.h; sourceTree = "<group>"; };
		18A84C9E1851D5A600612BE5 /* PMRootMenuController.m */ = {isa = PBXFileReference; fileEncoding = 4; lastKnownFileType = sourcecode.c.objc; path = PMRootMenuController.m; sourceTree = "<group>"; };
		18A84C9F1851D5A600612BE5 /* PMRootMenuController.xib */ = {isa = PBXFileReference; fileEncoding = 4; lastKnownFileType = file.xib; path = PMRootMenuController.xib; sourceTree = "<group>"; };
		18A84CA31851E04D00612BE5 /* PMSettingsViewContoller.h */ = {isa = PBXFileReference; fileEncoding = 4; lastKnownFileType = sourcecode.c.h; path = PMSettingsViewContoller.h; sourceTree = "<group>"; };
		18A84CA41851E04D00612BE5 /* PMSettingsViewContoller.m */ = {isa = PBXFileReference; fileEncoding = 4; lastKnownFileType = sourcecode.c.objc; path = PMSettingsViewContoller.m; sourceTree = "<group>"; };
		18A84CA51851E04D00612BE5 /* PMSettingsViewContoller.xib */ = {isa = PBXFileReference; fileEncoding = 4; lastKnownFileType = file.xib; path = PMSettingsViewContoller.xib; sourceTree = "<group>"; };
		18A84CA91851E1F800612BE5 /* UINavigationController+ClearSlider.h */ = {isa = PBXFileReference; fileEncoding = 4; lastKnownFileType = sourcecode.c.h; path = "UINavigationController+ClearSlider.h"; sourceTree = "<group>"; };
		18A84CAA1851E1F800612BE5 /* UINavigationController+ClearSlider.m */ = {isa = PBXFileReference; fileEncoding = 4; lastKnownFileType = sourcecode.c.objc; path = "UINavigationController+ClearSlider.m"; sourceTree = "<group>"; };
		18A84CAD1852047700612BE5 /* PMVoiceVisualizationVC.h */ = {isa = PBXFileReference; fileEncoding = 4; lastKnownFileType = sourcecode.c.h; path = PMVoiceVisualizationVC.h; sourceTree = "<group>"; };
		18A84CAE1852047700612BE5 /* PMVoiceVisualizationVC.m */ = {isa = PBXFileReference; fileEncoding = 4; lastKnownFileType = sourcecode.c.objc; path = PMVoiceVisualizationVC.m; sourceTree = "<group>"; };
		18A84CAF1852047700612BE5 /* PMVoiceVisualizationVC.xib */ = {isa = PBXFileReference; fileEncoding = 4; lastKnownFileType = file.xib; path = PMVoiceVisualizationVC.xib; sourceTree = "<group>"; };
		18A84CB51852084700612BE5 /* UIView+GestureBlocks.h */ = {isa = PBXFileReference; fileEncoding = 4; lastKnownFileType = sourcecode.c.h; path = "UIView+GestureBlocks.h"; sourceTree = "<group>"; };
		18A84CB61852084700612BE5 /* UIView+GestureBlocks.m */ = {isa = PBXFileReference; fileEncoding = 4; lastKnownFileType = sourcecode.c.objc; path = "UIView+GestureBlocks.m"; sourceTree = "<group>"; };
		18A84CC4185383CF00612BE5 /* PMRootViewController.h */ = {isa = PBXFileReference; fileEncoding = 4; lastKnownFileType = sourcecode.c.h; path = PMRootViewController.h; sourceTree = "<group>"; };
		18A84CC5185383CF00612BE5 /* PMRootViewController.m */ = {isa = PBXFileReference; fileEncoding = 4; lastKnownFileType = sourcecode.c.objc; path = PMRootViewController.m; sourceTree = "<group>"; };
		18A84CC6185383CF00612BE5 /* PMRootViewController.xib */ = {isa = PBXFileReference; fileEncoding = 4; lastKnownFileType = file.xib; path = PMRootViewController.xib; sourceTree = "<group>"; };
		18EA46181855D8AC0066A22C /* clear_button.png */ = {isa = PBXFileReference; lastKnownFileType = image.png; path = clear_button.png; sourceTree = "<group>"; };
		18EA461A1855DC9B0066A22C /* arrows-fullview.png */ = {isa = PBXFileReference; lastKnownFileType = image.png; path = "arrows-fullview.png"; sourceTree = "<group>"; };
		18EA461D1855F1590066A22C /* PMMonogramVC.h */ = {isa = PBXFileReference; fileEncoding = 4; lastKnownFileType = sourcecode.c.h; path = PMMonogramVC.h; sourceTree = "<group>"; };
		18EA461E1855F1590066A22C /* PMMonogramVC.m */ = {isa = PBXFileReference; fileEncoding = 4; lastKnownFileType = sourcecode.c.objc; path = PMMonogramVC.m; sourceTree = "<group>"; };
		18EA461F1855F1590066A22C /* PMMonogramVC.xib */ = {isa = PBXFileReference; fileEncoding = 4; lastKnownFileType = file.xib; path = PMMonogramVC.xib; sourceTree = "<group>"; };
		18EA46231855F23E0066A22C /* further.png */ = {isa = PBXFileReference; lastKnownFileType = image.png; path = further.png; sourceTree = "<group>"; };
		18EA46241855F23E0066A22C /* initial-textinput.png */ = {isa = PBXFileReference; lastKnownFileType = image.png; path = "initial-textinput.png"; sourceTree = "<group>"; };
		18EA46281855FB1C0066A22C /* PMChooseFontVC.h */ = {isa = PBXFileReference; fileEncoding = 4; lastKnownFileType = sourcecode.c.h; path = PMChooseFontVC.h; sourceTree = "<group>"; };
		18EA46291855FB1C0066A22C /* PMChooseFontVC.m */ = {isa = PBXFileReference; fileEncoding = 4; lastKnownFileType = sourcecode.c.objc; path = PMChooseFontVC.m; sourceTree = "<group>"; };
		18EA462A1855FB1C0066A22C /* PMChooseFontVC.xib */ = {isa = PBXFileReference; fileEncoding = 4; lastKnownFileType = file.xib; path = PMChooseFontVC.xib; sourceTree = "<group>"; };
		18EA462D185601CD0066A22C /* scroll-background.png */ = {isa = PBXFileReference; lastKnownFileType = image.png; path = "scroll-background.png"; sourceTree = "<group>"; };
		18EA4630185661D90066A22C /* adineki.png */ = {isa = PBXFileReference; lastKnownFileType = image.png; path = adineki.png; sourceTree = "<group>"; };
		18EA4631185661D90066A22C /* bedini.png */ = {isa = PBXFileReference; lastKnownFileType = image.png; path = bedini.png; sourceTree = "<group>"; };
		18EA4632185661D90066A22C /* acquests.png */ = {isa = PBXFileReference; lastKnownFileType = image.png; path = acquests.png; sourceTree = "<group>"; };
		18EA4633185661D90066A22C /* adventur.png */ = {isa = PBXFileReference; lastKnownFileType = image.png; path = adventur.png; sourceTree = "<group>"; };
		18EA4634185661D90066A22C /* agatha.png */ = {isa = PBXFileReference; lastKnownFileType = image.png; path = agatha.png; sourceTree = "<group>"; };
		18EA4635185661D90066A22C /* alexandr.png */ = {isa = PBXFileReference; lastKnownFileType = image.png; path = alexandr.png; sourceTree = "<group>"; };
		18EA4636185661D90066A22C /* ampir.png */ = {isa = PBXFileReference; lastKnownFileType = image.png; path = ampir.png; sourceTree = "<group>"; };
		18EA4637185661D90066A22C /* andantino.png */ = {isa = PBXFileReference; lastKnownFileType = image.png; path = andantino.png; sourceTree = "<group>"; };
		18EA4638185661D90066A22C /* annabel.png */ = {isa = PBXFileReference; lastKnownFileType = image.png; path = annabel.png; sourceTree = "<group>"; };
		18EA4639185661D90066A22C /* aquarelle.png */ = {isa = PBXFileReference; lastKnownFileType = image.png; path = aquarelle.png; sourceTree = "<group>"; };
		18EA463A185661D90066A22C /* ariston.png */ = {isa = PBXFileReference; lastKnownFileType = image.png; path = ariston.png; sourceTree = "<group>"; };
		18EA463B185661D90066A22C /* veron.png */ = {isa = PBXFileReference; lastKnownFileType = image.png; path = veron.png; sourceTree = "<group>"; };
		18EA463C185661D90066A22C /* acquests.ttf */ = {isa = PBXFileReference; lastKnownFileType = file; path = acquests.ttf; sourceTree = "<group>"; };
		18EA463D185661D90066A22C /* adineki.ttf */ = {isa = PBXFileReference; lastKnownFileType = file; path = adineki.ttf; sourceTree = "<group>"; };
		18EA463E185661D90066A22C /* adventur.ttf */ = {isa = PBXFileReference; lastKnownFileType = file; path = adventur.ttf; sourceTree = "<group>"; };
		18EA463F185661D90066A22C /* agatha.ttf */ = {isa = PBXFileReference; lastKnownFileType = file; path = agatha.ttf; sourceTree = "<group>"; };
		18EA4640185661D90066A22C /* alexandr.ttf */ = {isa = PBXFileReference; lastKnownFileType = file; path = alexandr.ttf; sourceTree = "<group>"; };
		18EA4641185661D90066A22C /* ampir.ttf */ = {isa = PBXFileReference; lastKnownFileType = file; path = ampir.ttf; sourceTree = "<group>"; };
		18EA4642185661D90066A22C /* andantino.ttf */ = {isa = PBXFileReference; lastKnownFileType = file; path = andantino.ttf; sourceTree = "<group>"; };
		18EA4643185661D90066A22C /* annabel.ttf */ = {isa = PBXFileReference; lastKnownFileType = file; path = annabel.ttf; sourceTree = "<group>"; };
		18EA4644185661D90066A22C /* aquarelle.ttf */ = {isa = PBXFileReference; lastKnownFileType = file; path = aquarelle.ttf; sourceTree = "<group>"; };
		18EA4645185661D90066A22C /* ariston.ttf */ = {isa = PBXFileReference; lastKnownFileType = file; path = ariston.ttf; sourceTree = "<group>"; };
		18EA4646185661D90066A22C /* bedini.ttf */ = {isa = PBXFileReference; lastKnownFileType = file; path = bedini.ttf; sourceTree = "<group>"; };
		18EA4647185661D90066A22C /* champagne.ttf */ = {isa = PBXFileReference; lastKnownFileType = file; path = champagne.ttf; sourceTree = "<group>"; };
		18EA4648185661D90066A22C /* comfortaa.ttf */ = {isa = PBXFileReference; lastKnownFileType = file; path = comfortaa.ttf; sourceTree = "<group>"; };
		18EA4649185661D90066A22C /* dolphian.TTF */ = {isa = PBXFileReference; lastKnownFileType = file; path = dolphian.TTF; sourceTree = "<group>"; };
		18EA464A185661D90066A22C /* veron.ttf */ = {isa = PBXFileReference; lastKnownFileType = file; path = veron.ttf; sourceTree = "<group>"; };
		18EA46681856FE7E0066A22C /* PMFingerVC.h */ = {isa = PBXFileReference; fileEncoding = 4; lastKnownFileType = sourcecode.c.h; path = PMFingerVC.h; sourceTree = "<group>"; };
		18EA46691856FE7E0066A22C /* PMFingerVC.m */ = {isa = PBXFileReference; fileEncoding = 4; lastKnownFileType = sourcecode.c.objc; path = PMFingerVC.m; sourceTree = "<group>"; };
		18EA466A1856FE7E0066A22C /* PMFingerVC.xib */ = {isa = PBXFileReference; fileEncoding = 4; lastKnownFileType = file.xib; path = PMFingerVC.xib; sourceTree = "<group>"; };
		18EA4685185734EC0066A22C /* PMSiluetVC.h */ = {isa = PBXFileReference; fileEncoding = 4; lastKnownFileType = sourcecode.c.h; path = PMSiluetVC.h; sourceTree = "<group>"; };
		18EA4686185734EC0066A22C /* PMSiluetVC.m */ = {isa = PBXFileReference; fileEncoding = 4; lastKnownFileType = sourcecode.c.objc; path = PMSiluetVC.m; sourceTree = "<group>"; };
		18EA4687185734EC0066A22C /* PMSiluetVC.xib */ = {isa = PBXFileReference; fileEncoding = 4; lastKnownFileType = file.xib; path = PMSiluetVC.xib; sourceTree = "<group>"; };
		18EA468E18573E500066A22C /* RippleShader.fsh */ = {isa = PBXFileReference; fileEncoding = 4; lastKnownFileType = sourcecode.glsl; path = RippleShader.fsh; sourceTree = "<group>"; };
		18EA468F18573E500066A22C /* RippleShader.vsh */ = {isa = PBXFileReference; fileEncoding = 4; lastKnownFileType = sourcecode.glsl; path = RippleShader.vsh; sourceTree = "<group>"; };
		18EA469418575F950066A22C /* CoreImage.framework */ = {isa = PBXFileReference; lastKnownFileType = wrapper.framework; name = CoreImage.framework; path = System/Library/Frameworks/CoreImage.framework; sourceTree = SDKROOT; };
		18EA469618575F9E0066A22C /* QuartzCore.framework */ = {isa = PBXFileReference; lastKnownFileType = wrapper.framework; name = QuartzCore.framework; path = System/Library/Frameworks/QuartzCore.framework; sourceTree = SDKROOT; };
		18EA4698185766430066A22C /* CoreVideo.framework */ = {isa = PBXFileReference; lastKnownFileType = wrapper.framework; name = CoreVideo.framework; path = System/Library/Frameworks/CoreVideo.framework; sourceTree = SDKROOT; };
		18EA469A185766F20066A22C /* UIColor+HSVAdditions.h */ = {isa = PBXFileReference; fileEncoding = 4; lastKnownFileType = sourcecode.c.h; path = "UIColor+HSVAdditions.h"; sourceTree = "<group>"; };
		18EA469B185766F20066A22C /* UIColor+HSVAdditions.m */ = {isa = PBXFileReference; fileEncoding = 4; lastKnownFileType = sourcecode.c.objc; path = "UIColor+HSVAdditions.m"; sourceTree = "<group>"; };
		18EA469D185767560066A22C /* UIColor+Expanded.h */ = {isa = PBXFileReference; fileEncoding = 4; lastKnownFileType = sourcecode.c.h; path = "UIColor+Expanded.h"; sourceTree = "<group>"; };
		18EA469E185767560066A22C /* UIColor+Expanded.m */ = {isa = PBXFileReference; fileEncoding = 4; lastKnownFileType = sourcecode.c.objc; path = "UIColor+Expanded.m"; sourceTree = "<group>"; };
		18EA46A0185783FC0066A22C /* test.png */ = {isa = PBXFileReference; lastKnownFileType = image.png; path = test.png; sourceTree = "<group>"; };
		18EA46A218578A430066A22C /* test2.png */ = {isa = PBXFileReference; lastKnownFileType = image.png; path = test2.png; sourceTree = "<group>"; };
		18EA46A41857ABC50066A22C /* test3.png */ = {isa = PBXFileReference; lastKnownFileType = image.png; path = test3.png; sourceTree = "<group>"; };
		18EA46A718595EF20066A22C /* PMCustomKeyboard.h */ = {isa = PBXFileReference; fileEncoding = 4; lastKnownFileType = sourcecode.c.h; path = PMCustomKeyboard.h; sourceTree = "<group>"; };
		18EA46A818595EF20066A22C /* PMCustomKeyboard.m */ = {isa = PBXFileReference; fileEncoding = 4; lastKnownFileType = sourcecode.c.objc; path = PMCustomKeyboard.m; sourceTree = "<group>"; };
		18EA46AA18595F0C0066A22C /* PMCustomKeyboard.xib */ = {isa = PBXFileReference; fileEncoding = 4; lastKnownFileType = file.xib; path = PMCustomKeyboard.xib; sourceTree = "<group>"; };
		18EA46AD1859610C0066A22C /* button-key.png */ = {isa = PBXFileReference; lastKnownFileType = image.png; path = "button-key.png"; sourceTree = "<group>"; };
		18EA46AE1859610C0066A22C /* delete.png */ = {isa = PBXFileReference; lastKnownFileType = image.png; path = delete.png; sourceTree = "<group>"; };
		B82D6C46B6664C009AA7199C /* libPods.a */ = {isa = PBXFileReference; explicitFileType = archive.ar; includeInIndex = 0; path = libPods.a; sourceTree = BUILT_PRODUCTS_DIR; };
		F248A30DA07F413CB7568B8E /* Pods.xcconfig */ = {isa = PBXFileReference; includeInIndex = 1; lastKnownFileType = text.xcconfig; name = Pods.xcconfig; path = Pods/Pods.xcconfig; sourceTree = SOURCE_ROOT; };
/* End PBXFileReference section */

/* Begin PBXFrameworksBuildPhase section */
		18A84C5D1851D32600612BE5 /* Frameworks */ = {
			isa = PBXFrameworksBuildPhase;
			buildActionMask = 2147483647;
			files = (
				18EA4699185766430066A22C /* CoreVideo.framework in Frameworks */,
				18EA469718575F9E0066A22C /* QuartzCore.framework in Frameworks */,
				18EA469518575F960066A22C /* CoreImage.framework in Frameworks */,
				18A68FBE18548518009019BC /* CoreAudio.framework in Frameworks */,
				18A68FBC18548513009019BC /* AudioToolbox.framework in Frameworks */,
				18A68F7518538D1B009019BC /* AVFoundation.framework in Frameworks */,
				18A68F7318538D00009019BC /* GLKit.framework in Frameworks */,
				18A68F7118538CF9009019BC /* OpenGLES.framework in Frameworks */,
				18A84C661851D32600612BE5 /* CoreGraphics.framework in Frameworks */,
				18A84C6A1851D32600612BE5 /* CoreData.framework in Frameworks */,
				18A84C681851D32600612BE5 /* UIKit.framework in Frameworks */,
				18A84C641851D32600612BE5 /* Foundation.framework in Frameworks */,
				4DAB77C04BEC400B9C6A466E /* libPods.a in Frameworks */,
			);
			runOnlyForDeploymentPostprocessing = 0;
		};
		18A84C7D1851D32700612BE5 /* Frameworks */ = {
			isa = PBXFrameworksBuildPhase;
			buildActionMask = 2147483647;
			files = (
				18A84C821851D32700612BE5 /* XCTest.framework in Frameworks */,
				18A84C851851D32700612BE5 /* CoreData.framework in Frameworks */,
				18A84C841851D32700612BE5 /* UIKit.framework in Frameworks */,
				18A84C831851D32700612BE5 /* Foundation.framework in Frameworks */,
			);
			runOnlyForDeploymentPostprocessing = 0;
		};
/* End PBXFrameworksBuildPhase section */

/* Begin PBXGroup section */
		18A68F60185388F8009019BC /* RippleBackground */ = {
			isa = PBXGroup;
			children = (
				18A68F61185388F8009019BC /* RippleModel.h */,
				18A68F62185388F8009019BC /* RippleModel.m */,
				18A68F63185388F8009019BC /* RippleViewController.h */,
				18A68F64185388F8009019BC /* RippleViewController.m */,
				18A68F65185388F8009019BC /* Shaders */,
			);
			path = RippleBackground;
			sourceTree = "<group>";
		};
		18A68F65185388F8009019BC /* Shaders */ = {
			isa = PBXGroup;
			children = (
				18EA468E18573E500066A22C /* RippleShader.fsh */,
				18EA468F18573E500066A22C /* RippleShader.vsh */,
			);
			path = Shaders;
			sourceTree = "<group>";
		};
		18A68F791853A009009019BC /* RootMenu */ = {
			isa = PBXGroup;
			children = (
				18A68F9118546058009019BC /* settings-close.png */,
				18A68F7A1853A009009019BC /* active-eye.png */,
				18A68F7B1853A009009019BC /* active-finger.png */,
				18A68F7C1853A009009019BC /* active-monogram.png */,
				18A68F7D1853A009009019BC /* active-siluet.png */,
				18A68F7E1853A009009019BC /* active-voice.png */,
				18A68F7F1853A009009019BC /* settings.png */,
			);
			path = RootMenu;
			sourceTree = "<group>";
		};
		18A68F861853ABD8009019BC /* ViewsHelpers */ = {
			isa = PBXGroup;
			children = (
				18EA46A618595ED70066A22C /* KeyboardView */,
				18A68F871853ABD8009019BC /* ActivationView */,
			);
			path = ViewsHelpers;
			sourceTree = "<group>";
		};
		18A68F871853ABD8009019BC /* ActivationView */ = {
			isa = PBXGroup;
			children = (
				18A68F881853ABEC009019BC /* PMActivationView.h */,
				18A68F891853ABEC009019BC /* PMActivationView.m */,
			);
			path = ActivationView;
			sourceTree = "<group>";
		};
		18A68F8E1853BF52009019BC /* Fonts */ = {
			isa = PBXGroup;
			children = (
				18EA462F185661A80066A22C /* Monograms */,
				18A68F8F1853BF52009019BC /* MyriadPro-Cond.otf */,
			);
			path = Fonts;
			sourceTree = "<group>";
		};
		18A68F931854682E009019BC /* SettingMenu */ = {
			isa = PBXGroup;
			children = (
				18A68F9C18546DD3009019BC /* active-monogram-disable.png */,
				18A68F941854682E009019BC /* active-eye-disable.png */,
				18A68F951854682E009019BC /* active-finger-disable.png */,
				18A68F961854682E009019BC /* active-siluet-disable.png */,
				18A68F971854682E009019BC /* active-voice-disable.png */,
			);
			path = SettingMenu;
			sourceTree = "<group>";
		};
		18A68F9E1854846B009019BC /* Attractor */ = {
			isa = PBXGroup;
			children = (
				18A68F9F185484A6009019BC /* AttractorObject */,
				18A68FA4185484A6009019BC /* Novocaine */,
				18A68FAD185484A6009019BC /* Shaders */,
				18A68FB1185484A6009019BC /* ATTRactorView.h */,
				18A68FB0185484A6009019BC /* ATTRactorView.m */,
			);
			path = Attractor;
			sourceTree = "<group>";
		};
		18A68F9F185484A6009019BC /* AttractorObject */ = {
			isa = PBXGroup;
			children = (
				18A68FA0185484A6009019BC /* ATTRactorManager.h */,
				18A68FA1185484A6009019BC /* ATTRactorManager.m */,
				18A68FA2185484A6009019BC /* ATTRactorObject.h */,
				18A68FA3185484A6009019BC /* ATTRactorObject.m */,
			);
			path = AttractorObject;
			sourceTree = "<group>";
		};
		18A68FA4185484A6009019BC /* Novocaine */ = {
			isa = PBXGroup;
			children = (
				18A68FA5185484A6009019BC /* AudioFileReader.h */,
				18A68FA6185484A6009019BC /* AudioFileReader.mm */,
				18A68FA7185484A6009019BC /* AudioFileWriter.h */,
				18A68FA8185484A6009019BC /* AudioFileWriter.m */,
				18A68FA9185484A6009019BC /* Novocaine.h */,
				18A68FAA185484A6009019BC /* Novocaine.m */,
				18A68FAB185484A6009019BC /* RingBuffer.h */,
				18A68FAC185484A6009019BC /* RingBuffer.mm */,
			);
			path = Novocaine;
			sourceTree = "<group>";
		};
		18A68FAD185484A6009019BC /* Shaders */ = {
			isa = PBXGroup;
			children = (
				18A68FAE185484A6009019BC /* ifs_fragment.glsl */,
				18A68FAF185484A6009019BC /* ifs_vertex.glsl */,
			);
			path = Shaders;
			sourceTree = "<group>";
		};
		18A68FBF1854D3FF009019BC /* Voice */ = {
			isa = PBXGroup;
			children = (
				18EA461A1855DC9B0066A22C /* arrows-fullview.png */,
				18EA46181855D8AC0066A22C /* clear_button.png */,
				18A68FC01854D3FF009019BC /* close-voice.png */,
				18A68FC11854D3FF009019BC /* reset-voice.png */,
				18A68FC21854D3FF009019BC /* save-voice.png */,
			);
			path = Voice;
			sourceTree = "<group>";
		};
		18A84C571851D32600612BE5 = {
			isa = PBXGroup;
			children = (
				18A84C6B1851D32600612BE5 /* ParlamentApp */,
				18A84C881851D32700612BE5 /* ParlamentAppTests */,
				18A84C621851D32600612BE5 /* Frameworks */,
				18A84C611851D32600612BE5 /* Products */,
				F248A30DA07F413CB7568B8E /* Pods.xcconfig */,
			);
			sourceTree = "<group>";
		};
		18A84C611851D32600612BE5 /* Products */ = {
			isa = PBXGroup;
			children = (
				18A84C601851D32600612BE5 /* ParlamentApp.app */,
				18A84C801851D32700612BE5 /* ParlamentAppTests.xctest */,
			);
			name = Products;
			sourceTree = "<group>";
		};
		18A84C621851D32600612BE5 /* Frameworks */ = {
			isa = PBXGroup;
			children = (
				18EA4698185766430066A22C /* CoreVideo.framework */,
				18EA469618575F9E0066A22C /* QuartzCore.framework */,
				18EA469418575F950066A22C /* CoreImage.framework */,
				18A68FBD18548518009019BC /* CoreAudio.framework */,
				18A68FBB18548513009019BC /* AudioToolbox.framework */,
				18A68F7418538D1B009019BC /* AVFoundation.framework */,
				18A68F7218538D00009019BC /* GLKit.framework */,
				18A68F7018538CF9009019BC /* OpenGLES.framework */,
				18A84C631851D32600612BE5 /* Foundation.framework */,
				18A84C651851D32600612BE5 /* CoreGraphics.framework */,
				18A84C671851D32600612BE5 /* UIKit.framework */,
				18A84C691851D32600612BE5 /* CoreData.framework */,
				18A84C811851D32700612BE5 /* XCTest.framework */,
				B82D6C46B6664C009AA7199C /* libPods.a */,
			);
			name = Frameworks;
			sourceTree = "<group>";
		};
		18A84C6B1851D32600612BE5 /* ParlamentApp */ = {
			isa = PBXGroup;
			children = (
				18A68F861853ABD8009019BC /* ViewsHelpers */,
				18A84CA81851E1CE00612BE5 /* Common */,
				18A84C991851D54600612BE5 /* Controllers */,
				18A84C981851D4CA00612BE5 /* Resources */,
				18A84C741851D32600612BE5 /* PMAppDelegate.h */,
				18A84C751851D32600612BE5 /* PMAppDelegate.m */,
				18A84C7A1851D32600612BE5 /* Images.xcassets */,
				18A84C771851D32600612BE5 /* ParlamentApp.xcdatamodeld */,
				18A84C6C1851D32600612BE5 /* Supporting Files */,
			);
			path = ParlamentApp;
			sourceTree = "<group>";
		};
		18A84C6C1851D32600612BE5 /* Supporting Files */ = {
			isa = PBXGroup;
			children = (
				18A84C6D1851D32600612BE5 /* ParlamentApp-Info.plist */,
				18A84C6E1851D32600612BE5 /* InfoPlist.strings */,
				18A84C711851D32600612BE5 /* main.m */,
				18A84C731851D32600612BE5 /* ParlamentApp-Prefix.pch */,
			);
			name = "Supporting Files";
			sourceTree = "<group>";
		};
		18A84C881851D32700612BE5 /* ParlamentAppTests */ = {
			isa = PBXGroup;
			children = (
				18A84C8E1851D32700612BE5 /* ParlamentAppTests.m */,
				18A84C891851D32700612BE5 /* Supporting Files */,
			);
			path = ParlamentAppTests;
			sourceTree = "<group>";
		};
		18A84C891851D32700612BE5 /* Supporting Files */ = {
			isa = PBXGroup;
			children = (
				18A84C8A1851D32700612BE5 /* ParlamentAppTests-Info.plist */,
				18A84C8B1851D32700612BE5 /* InfoPlist.strings */,
			);
			name = "Supporting Files";
			sourceTree = "<group>";
		};
		18A84C981851D4CA00612BE5 /* Resources */ = {
			isa = PBXGroup;
			children = (
				18EA46AC185960BC0066A22C /* Keyboard */,
				18EA46A41857ABC50066A22C /* test3.png */,
				18EA46A218578A430066A22C /* test2.png */,
				18EA46A0185783FC0066A22C /* test.png */,
				18EA46221855F23E0066A22C /* Monogram */,
				18A68FBF1854D3FF009019BC /* Voice */,
				18A68F931854682E009019BC /* SettingMenu */,
				18A68F8E1853BF52009019BC /* Fonts */,
				18A68F791853A009009019BC /* RootMenu */,
				18A84C9A1851D56500612BE5 /* background.png */,
			);
			path = Resources;
			sourceTree = "<group>";
		};
		18A84C991851D54600612BE5 /* Controllers */ = {
			isa = PBXGroup;
			children = (
				18EA4684185734D50066A22C /* SiluetViewController */,
				18EA46671856FE6A0066A22C /* FingerViewController */,
				18EA461C1855F13A0066A22C /* MonogramController */,
				18A68F60185388F8009019BC /* RippleBackground */,
				18A84CAC1852046000612BE5 /* VoiceVisualization */,
				18A84CA21851E02B00612BE5 /* SettingsViewController */,
				18A84C9C1851D57D00612BE5 /* RootMenuController */,
				18A84CC4185383CF00612BE5 /* PMRootViewController.h */,
				18A84CC5185383CF00612BE5 /* PMRootViewController.m */,
				18A84CC6185383CF00612BE5 /* PMRootViewController.xib */,
				18A68F7618538DC6009019BC /* PMParentController.h */,
				18A68F7718538DC6009019BC /* PMParentController.m */,
			);
			path = Controllers;
			sourceTree = "<group>";
		};
		18A84C9C1851D57D00612BE5 /* RootMenuController */ = {
			isa = PBXGroup;
			children = (
				18A84C9D1851D5A600612BE5 /* PMRootMenuController.h */,
				18A84C9E1851D5A600612BE5 /* PMRootMenuController.m */,
				18A84C9F1851D5A600612BE5 /* PMRootMenuController.xib */,
			);
			path = RootMenuController;
			sourceTree = "<group>";
		};
		18A84CA21851E02B00612BE5 /* SettingsViewController */ = {
			isa = PBXGroup;
			children = (
				18A84CA31851E04D00612BE5 /* PMSettingsViewContoller.h */,
				18A84CA41851E04D00612BE5 /* PMSettingsViewContoller.m */,
				18A84CA51851E04D00612BE5 /* PMSettingsViewContoller.xib */,
			);
			path = SettingsViewController;
			sourceTree = "<group>";
		};
		18A84CA81851E1CE00612BE5 /* Common */ = {
			isa = PBXGroup;
			children = (
				18A68F8B1853AD89009019BC /* UIImage+UIImageFunctions.h */,
				18A68F8C1853AD89009019BC /* UIImage+UIImageFunctions.m */,
				18A84CB51852084700612BE5 /* UIView+GestureBlocks.h */,
				18A84CB61852084700612BE5 /* UIView+GestureBlocks.m */,
				18A84CA91851E1F800612BE5 /* UINavigationController+ClearSlider.h */,
				18A84CAA1851E1F800612BE5 /* UINavigationController+ClearSlider.m */,
				18A68F6F18538B90009019BC /* Global.h */,
				18EA469A185766F20066A22C /* UIColor+HSVAdditions.h */,
				18EA469B185766F20066A22C /* UIColor+HSVAdditions.m */,
				18EA469D185767560066A22C /* UIColor+Expanded.h */,
				18EA469E185767560066A22C /* UIColor+Expanded.m */,
			);
			path = Common;
			sourceTree = "<group>";
		};
		18A84CAC1852046000612BE5 /* VoiceVisualization */ = {
			isa = PBXGroup;
			children = (
				18A68F9E1854846B009019BC /* Attractor */,
				18A84CAD1852047700612BE5 /* PMVoiceVisualizationVC.h */,
				18A84CAE1852047700612BE5 /* PMVoiceVisualizationVC.m */,
				18A84CAF1852047700612BE5 /* PMVoiceVisualizationVC.xib */,
			);
			path = VoiceVisualization;
			sourceTree = "<group>";
		};
		18EA461C1855F13A0066A22C /* MonogramController */ = {
			isa = PBXGroup;
			children = (
				18EA461D1855F1590066A22C /* PMMonogramVC.h */,
				18EA461E1855F1590066A22C /* PMMonogramVC.m */,
				18EA461F1855F1590066A22C /* PMMonogramVC.xib */,
				18EA46281855FB1C0066A22C /* PMChooseFontVC.h */,
				18EA46291855FB1C0066A22C /* PMChooseFontVC.m */,
				18EA462A1855FB1C0066A22C /* PMChooseFontVC.xib */,
			);
			path = MonogramController;
			sourceTree = "<group>";
		};
		18EA46221855F23E0066A22C /* Monogram */ = {
			isa = PBXGroup;
			children = (
				18EA462D185601CD0066A22C /* scroll-background.png */,
				18EA46231855F23E0066A22C /* further.png */,
				18EA46241855F23E0066A22C /* initial-textinput.png */,
			);
			path = Monogram;
			sourceTree = "<group>";
		};
		18EA462F185661A80066A22C /* Monograms */ = {
			isa = PBXGroup;
			children = (
				18EA4630185661D90066A22C /* adineki.png */,
				18EA4631185661D90066A22C /* bedini.png */,
				18EA4632185661D90066A22C /* acquests.png */,
				18EA4633185661D90066A22C /* adventur.png */,
				18EA4634185661D90066A22C /* agatha.png */,
				18EA4635185661D90066A22C /* alexandr.png */,
				18EA4636185661D90066A22C /* ampir.png */,
				18EA4637185661D90066A22C /* andantino.png */,
				18EA4638185661D90066A22C /* annabel.png */,
				18EA4639185661D90066A22C /* aquarelle.png */,
				18EA463A185661D90066A22C /* ariston.png */,
				18EA463B185661D90066A22C /* veron.png */,
				18EA463C185661D90066A22C /* acquests.ttf */,
				18EA463D185661D90066A22C /* adineki.ttf */,
				18EA463E185661D90066A22C /* adventur.ttf */,
				18EA463F185661D90066A22C /* agatha.ttf */,
				18EA4640185661D90066A22C /* alexandr.ttf */,
				18EA4641185661D90066A22C /* ampir.ttf */,
				18EA4642185661D90066A22C /* andantino.ttf */,
				18EA4643185661D90066A22C /* annabel.ttf */,
				18EA4644185661D90066A22C /* aquarelle.ttf */,
				18EA4645185661D90066A22C /* ariston.ttf */,
				18EA4646185661D90066A22C /* bedini.ttf */,
				18EA4647185661D90066A22C /* champagne.ttf */,
				18EA4648185661D90066A22C /* comfortaa.ttf */,
				18EA4649185661D90066A22C /* dolphian.TTF */,
				18EA464A185661D90066A22C /* veron.ttf */,
			);
			path = Monograms;
			sourceTree = "<group>";
		};
		18EA46671856FE6A0066A22C /* FingerViewController */ = {
			isa = PBXGroup;
			children = (
				18EA46681856FE7E0066A22C /* PMFingerVC.h */,
				18EA46691856FE7E0066A22C /* PMFingerVC.m */,
				18EA466A1856FE7E0066A22C /* PMFingerVC.xib */,
			);
			path = FingerViewController;
			sourceTree = "<group>";
		};
		18EA4684185734D50066A22C /* SiluetViewController */ = {
			isa = PBXGroup;
			children = (
				18EA4685185734EC0066A22C /* PMSiluetVC.h */,
				18EA4686185734EC0066A22C /* PMSiluetVC.m */,
				18EA4687185734EC0066A22C /* PMSiluetVC.xib */,
			);
			path = SiluetViewController;
			sourceTree = "<group>";
		};
		18EA46A618595ED70066A22C /* KeyboardView */ = {
			isa = PBXGroup;
			children = (
				18EA46A718595EF20066A22C /* PMCustomKeyboard.h */,
				18EA46A818595EF20066A22C /* PMCustomKeyboard.m */,
				18EA46AA18595F0C0066A22C /* PMCustomKeyboard.xib */,
			);
			path = KeyboardView;
			sourceTree = "<group>";
		};
		18EA46AC185960BC0066A22C /* Keyboard */ = {
			isa = PBXGroup;
			children = (
				18EA46AD1859610C0066A22C /* button-key.png */,
				18EA46AE1859610C0066A22C /* delete.png */,
			);
			path = Keyboard;
			sourceTree = "<group>";
		};
/* End PBXGroup section */

/* Begin PBXNativeTarget section */
		18A84C5F1851D32600612BE5 /* ParlamentApp */ = {
			isa = PBXNativeTarget;
			buildConfigurationList = 18A84C921851D32700612BE5 /* Build configuration list for PBXNativeTarget "ParlamentApp" */;
			buildPhases = (
				020BAEDF5DD14BFB9ECF2B47 /* Check Pods Manifest.lock */,
				18A84C5C1851D32600612BE5 /* Sources */,
				18A84C5D1851D32600612BE5 /* Frameworks */,
				18A84C5E1851D32600612BE5 /* Resources */,
				80DD24DDD46F4507B28D322A /* Copy Pods Resources */,
			);
			buildRules = (
			);
			dependencies = (
			);
			name = ParlamentApp;
			productName = ParlamentApp;
			productReference = 18A84C601851D32600612BE5 /* ParlamentApp.app */;
			productType = "com.apple.product-type.application";
		};
		18A84C7F1851D32700612BE5 /* ParlamentAppTests */ = {
			isa = PBXNativeTarget;
			buildConfigurationList = 18A84C951851D32700612BE5 /* Build configuration list for PBXNativeTarget "ParlamentAppTests" */;
			buildPhases = (
				18A84C7C1851D32700612BE5 /* Sources */,
				18A84C7D1851D32700612BE5 /* Frameworks */,
				18A84C7E1851D32700612BE5 /* Resources */,
			);
			buildRules = (
			);
			dependencies = (
				18A84C871851D32700612BE5 /* PBXTargetDependency */,
			);
			name = ParlamentAppTests;
			productName = ParlamentAppTests;
			productReference = 18A84C801851D32700612BE5 /* ParlamentAppTests.xctest */;
			productType = "com.apple.product-type.bundle.unit-test";
		};
/* End PBXNativeTarget section */

/* Begin PBXProject section */
		18A84C581851D32600612BE5 /* Project object */ = {
			isa = PBXProject;
			attributes = {
				CLASSPREFIX = PM;
				LastUpgradeCheck = 0500;
				ORGANIZATIONNAME = brandmill;
				TargetAttributes = {
					18A84C7F1851D32700612BE5 = {
						TestTargetID = 18A84C5F1851D32600612BE5;
					};
				};
			};
			buildConfigurationList = 18A84C5B1851D32600612BE5 /* Build configuration list for PBXProject "ParlamentApp" */;
			compatibilityVersion = "Xcode 3.2";
			developmentRegion = English;
			hasScannedForEncodings = 0;
			knownRegions = (
				en,
			);
			mainGroup = 18A84C571851D32600612BE5;
			productRefGroup = 18A84C611851D32600612BE5 /* Products */;
			projectDirPath = "";
			projectRoot = "";
			targets = (
				18A84C5F1851D32600612BE5 /* ParlamentApp */,
				18A84C7F1851D32700612BE5 /* ParlamentAppTests */,
			);
		};
/* End PBXProject section */

/* Begin PBXResourcesBuildPhase section */
		18A84C5E1851D32600612BE5 /* Resources */ = {
			isa = PBXResourcesBuildPhase;
			buildActionMask = 2147483647;
			files = (
				18EA469218573E8A0066A22C /* RippleShader.fsh in Resources */,
				18EA469318573E8A0066A22C /* RippleShader.vsh in Resources */,
				18EA4654185661D90066A22C /* aquarelle.png in Resources */,
				18A68F9A1854682E009019BC /* active-siluet-disable.png in Resources */,
				18EA465F185661D90066A22C /* aquarelle.ttf in Resources */,
				18EA4653185661D90066A22C /* annabel.png in Resources */,
				18A68F901853BF52009019BC /* MyriadPro-Cond.otf in Resources */,
				18A68F811853A009009019BC /* active-finger.png in Resources */,
				18EA4660185661D90066A22C /* ariston.ttf in Resources */,
				18A68FC31854D3FF009019BC /* close-voice.png in Resources */,
				18A68F821853A009009019BC /* active-monogram.png in Resources */,
				18EA46A318578A430066A22C /* test2.png in Resources */,
				18EA461B1855DC9B0066A22C /* arrows-fullview.png in Resources */,
				18A84C701851D32600612BE5 /* InfoPlist.strings in Resources */,
				18EA4655185661D90066A22C /* ariston.png in Resources */,
				18EA4658185661D90066A22C /* adineki.ttf in Resources */,
				18A84CC8185383CF00612BE5 /* PMRootViewController.xib in Resources */,
				18EA46191855D8AC0066A22C /* clear_button.png in Resources */,
				18EA4656185661D90066A22C /* veron.png in Resources */,
				18EA46AF1859610C0066A22C /* button-key.png in Resources */,
				18A68F9D18546DD3009019BC /* active-monogram-disable.png in Resources */,
				18EA46AB18595F0C0066A22C /* PMCustomKeyboard.xib in Resources */,
				18EA4661185661D90066A22C /* bedini.ttf in Resources */,
				18EA464F185661D90066A22C /* agatha.png in Resources */,
				18EA464E185661D90066A22C /* adventur.png in Resources */,
				18EA4665185661D90066A22C /* veron.ttf in Resources */,
				18A68FC41854D3FF009019BC /* reset-voice.png in Resources */,
				18A68F851853A009009019BC /* settings.png in Resources */,
				18A68F981854682E009019BC /* active-eye-disable.png in Resources */,
				18EA465C185661D90066A22C /* ampir.ttf in Resources */,
				18EA465A185661D90066A22C /* agatha.ttf in Resources */,
				18EA462C1855FB1C0066A22C /* PMChooseFontVC.xib in Resources */,
				18EA464C185661D90066A22C /* bedini.png in Resources */,
				18EA465E185661D90066A22C /* annabel.ttf in Resources */,
				18A84CA71851E04D00612BE5 /* PMSettingsViewContoller.xib in Resources */,
				18A84C9B1851D56500612BE5 /* background.png in Resources */,
				18EA46251855F23E0066A22C /* further.png in Resources */,
				18EA46A51857ABC50066A22C /* test3.png in Resources */,
				18EA46211855F1590066A22C /* PMMonogramVC.xib in Resources */,
				18EA464D185661D90066A22C /* acquests.png in Resources */,
				18EA4652185661D90066A22C /* andantino.png in Resources */,
				18A84C7B1851D32600612BE5 /* Images.xcassets in Resources */,
				18EA46B01859610C0066A22C /* delete.png in Resources */,
				18EA46261855F23E0066A22C /* initial-textinput.png in Resources */,
				18EA4651185661D90066A22C /* ampir.png in Resources */,
				18A68FB9185484A6009019BC /* ifs_vertex.glsl in Resources */,
				18EA4657185661D90066A22C /* acquests.ttf in Resources */,
				18EA4689185734EC0066A22C /* PMSiluetVC.xib in Resources */,
				18A68F831853A009009019BC /* active-siluet.png in Resources */,
				18A68F841853A009009019BC /* active-voice.png in Resources */,
				18EA4659185661D90066A22C /* adventur.ttf in Resources */,
				18A68F9B1854682E009019BC /* active-voice-disable.png in Resources */,
				18EA4650185661D90066A22C /* alexandr.png in Resources */,
				18EA465B185661D90066A22C /* alexandr.ttf in Resources */,
				18EA4664185661D90066A22C /* dolphian.TTF in Resources */,
				18A68F9218546058009019BC /* settings-close.png in Resources */,
				18EA4663185661D90066A22C /* comfortaa.ttf in Resources */,
				18A68FB8185484A6009019BC /* ifs_fragment.glsl in Resources */,
				18A84CA11851D5A600612BE5 /* PMRootMenuController.xib in Resources */,
				18A68F991854682E009019BC /* active-finger-disable.png in Resources */,
				18EA466C1856FE7E0066A22C /* PMFingerVC.xib in Resources */,
				18EA464B185661D90066A22C /* adineki.png in Resources */,
				18A84CB11852047700612BE5 /* PMVoiceVisualizationVC.xib in Resources */,
				18A68F801853A009009019BC /* active-eye.png in Resources */,
				18EA46A1185783FC0066A22C /* test.png in Resources */,
				18EA465D185661D90066A22C /* andantino.ttf in Resources */,
				18EA462E185601CD0066A22C /* scroll-background.png in Resources */,
				18A68FC51854D3FF009019BC /* save-voice.png in Resources */,
				18EA4662185661D90066A22C /* champagne.ttf in Resources */,
			);
			runOnlyForDeploymentPostprocessing = 0;
		};
		18A84C7E1851D32700612BE5 /* Resources */ = {
			isa = PBXResourcesBuildPhase;
			buildActionMask = 2147483647;
			files = (
				18A84C8D1851D32700612BE5 /* InfoPlist.strings in Resources */,
			);
			runOnlyForDeploymentPostprocessing = 0;
		};
/* End PBXResourcesBuildPhase section */

/* Begin PBXShellScriptBuildPhase section */
		020BAEDF5DD14BFB9ECF2B47 /* Check Pods Manifest.lock */ = {
			isa = PBXShellScriptBuildPhase;
			buildActionMask = 2147483647;
			files = (
			);
			inputPaths = (
			);
			name = "Check Pods Manifest.lock";
			outputPaths = (
			);
			runOnlyForDeploymentPostprocessing = 0;
			shellPath = /bin/sh;
			shellScript = "diff \"${PODS_ROOT}/../Podfile.lock\" \"${PODS_ROOT}/Manifest.lock\" > /dev/null\nif [[ $? != 0 ]] ; then\n    cat << EOM\nerror: The sandbox is not in sync with the Podfile.lock. Run 'pod install' or update your CocoaPods installation.\nEOM\n    exit 1\nfi\n";
			showEnvVarsInLog = 0;
		};
		80DD24DDD46F4507B28D322A /* Copy Pods Resources */ = {
			isa = PBXShellScriptBuildPhase;
			buildActionMask = 2147483647;
			files = (
			);
			inputPaths = (
			);
			name = "Copy Pods Resources";
			outputPaths = (
			);
			runOnlyForDeploymentPostprocessing = 0;
			shellPath = /bin/sh;
			shellScript = "\"${SRCROOT}/Pods/Pods-resources.sh\"\n";
			showEnvVarsInLog = 0;
		};
/* End PBXShellScriptBuildPhase section */

/* Begin PBXSourcesBuildPhase section */
		18A84C5C1851D32600612BE5 /* Sources */ = {
			isa = PBXSourcesBuildPhase;
			buildActionMask = 2147483647;
			files = (
				18A68F8A1853ABEC009019BC /* PMActivationView.m in Sources */,
				18A68FB4185484A6009019BC /* AudioFileReader.mm in Sources */,
				18EA462B1855FB1C0066A22C /* PMChooseFontVC.m in Sources */,
				18A84C721851D32600612BE5 /* main.m in Sources */,
				18A84CC7185383CF00612BE5 /* PMRootViewController.m in Sources */,
				18A84C761851D32600612BE5 /* PMAppDelegate.m in Sources */,
				18EA46201855F1590066A22C /* PMMonogramVC.m in Sources */,
				18A68FB5185484A6009019BC /* AudioFileWriter.m in Sources */,
				18EA46A918595EF20066A22C /* PMCustomKeyboard.m in Sources */,
				18A68F68185388F8009019BC /* RippleModel.m in Sources */,
				18A68FB7185484A6009019BC /* RingBuffer.mm in Sources */,
				18EA466B1856FE7E0066A22C /* PMFingerVC.m in Sources */,
				18A68F69185388F8009019BC /* RippleViewController.m in Sources */,
				18A68FB2185484A6009019BC /* ATTRactorManager.m in Sources */,
				18A84CB71852084700612BE5 /* UIView+GestureBlocks.m in Sources */,
				18A68F7818538DC7009019BC /* PMParentController.m in Sources */,
				18EA469118573E500066A22C /* RippleShader.vsh in Sources */,
				18A84C791851D32600612BE5 /* ParlamentApp.xcdatamodeld in Sources */,
				18A68F8D1853AD89009019BC /* UIImage+UIImageFunctions.m in Sources */,
				18A84CA61851E04D00612BE5 /* PMSettingsViewContoller.m in Sources */,
				18A84CB01852047700612BE5 /* PMVoiceVisualizationVC.m in Sources */,
				18A68FB6185484A6009019BC /* Novocaine.m in Sources */,
				18A68FBA185484A6009019BC /* ATTRactorView.m in Sources */,
				18EA4688185734EC0066A22C /* PMSiluetVC.m in Sources */,
				18EA469018573E500066A22C /* RippleShader.fsh in Sources */,
				18EA469F185767560066A22C /* UIColor+Expanded.m in Sources */,
				18A68FB3185484A6009019BC /* ATTRactorObject.m in Sources */,
				18EA469C185766F20066A22C /* UIColor+HSVAdditions.m in Sources */,
				18A84CAB1851E1F800612BE5 /* UINavigationController+ClearSlider.m in Sources */,
				18A84CA01851D5A600612BE5 /* PMRootMenuController.m in Sources */,
			);
			runOnlyForDeploymentPostprocessing = 0;
		};
		18A84C7C1851D32700612BE5 /* Sources */ = {
			isa = PBXSourcesBuildPhase;
			buildActionMask = 2147483647;
			files = (
				18A84C8F1851D32700612BE5 /* ParlamentAppTests.m in Sources */,
			);
			runOnlyForDeploymentPostprocessing = 0;
		};
/* End PBXSourcesBuildPhase section */

/* Begin PBXTargetDependency section */
		18A84C871851D32700612BE5 /* PBXTargetDependency */ = {
			isa = PBXTargetDependency;
			target = 18A84C5F1851D32600612BE5 /* ParlamentApp */;
			targetProxy = 18A84C861851D32700612BE5 /* PBXContainerItemProxy */;
		};
/* End PBXTargetDependency section */

/* Begin PBXVariantGroup section */
		18A84C6E1851D32600612BE5 /* InfoPlist.strings */ = {
			isa = PBXVariantGroup;
			children = (
				18A84C6F1851D32600612BE5 /* en */,
			);
			name = InfoPlist.strings;
			sourceTree = "<group>";
		};
		18A84C8B1851D32700612BE5 /* InfoPlist.strings */ = {
			isa = PBXVariantGroup;
			children = (
				18A84C8C1851D32700612BE5 /* en */,
			);
			name = InfoPlist.strings;
			sourceTree = "<group>";
		};
/* End PBXVariantGroup section */

/* Begin XCBuildConfiguration section */
		18A84C901851D32700612BE5 /* Debug */ = {
			isa = XCBuildConfiguration;
			buildSettings = {
				ALWAYS_SEARCH_USER_PATHS = NO;
				ARCHS = "$(ARCHS_STANDARD_INCLUDING_64_BIT)";
				CLANG_CXX_LANGUAGE_STANDARD = "gnu++0x";
				CLANG_CXX_LIBRARY = "libc++";
				CLANG_ENABLE_MODULES = YES;
				CLANG_ENABLE_OBJC_ARC = YES;
				CLANG_WARN_BOOL_CONVERSION = YES;
				CLANG_WARN_CONSTANT_CONVERSION = YES;
				CLANG_WARN_DIRECT_OBJC_ISA_USAGE = YES_ERROR;
				CLANG_WARN_EMPTY_BODY = YES;
				CLANG_WARN_ENUM_CONVERSION = YES;
				CLANG_WARN_INT_CONVERSION = YES;
				CLANG_WARN_OBJC_ROOT_CLASS = YES_ERROR;
				CLANG_WARN__DUPLICATE_METHOD_MATCH = YES;
				"CODE_SIGN_IDENTITY[sdk=iphoneos*]" = "iPhone Developer";
				COPY_PHASE_STRIP = NO;
				GCC_C_LANGUAGE_STANDARD = gnu99;
				GCC_DYNAMIC_NO_PIC = NO;
				GCC_OPTIMIZATION_LEVEL = 0;
				GCC_PREPROCESSOR_DEFINITIONS = (
					"DEBUG=1",
					"$(inherited)",
				);
				GCC_SYMBOLS_PRIVATE_EXTERN = NO;
				GCC_WARN_64_TO_32_BIT_CONVERSION = YES;
				GCC_WARN_ABOUT_RETURN_TYPE = YES_ERROR;
				GCC_WARN_UNDECLARED_SELECTOR = YES;
				GCC_WARN_UNINITIALIZED_AUTOS = YES;
				GCC_WARN_UNUSED_FUNCTION = YES;
				GCC_WARN_UNUSED_VARIABLE = YES;
				IPHONEOS_DEPLOYMENT_TARGET = 7.0;
				ONLY_ACTIVE_ARCH = YES;
				SDKROOT = iphoneos;
				TARGETED_DEVICE_FAMILY = 2;
			};
			name = Debug;
		};
		18A84C911851D32700612BE5 /* Release */ = {
			isa = XCBuildConfiguration;
			buildSettings = {
				ALWAYS_SEARCH_USER_PATHS = NO;
				ARCHS = "$(ARCHS_STANDARD_INCLUDING_64_BIT)";
				CLANG_CXX_LANGUAGE_STANDARD = "gnu++0x";
				CLANG_CXX_LIBRARY = "libc++";
				CLANG_ENABLE_MODULES = YES;
				CLANG_ENABLE_OBJC_ARC = YES;
				CLANG_WARN_BOOL_CONVERSION = YES;
				CLANG_WARN_CONSTANT_CONVERSION = YES;
				CLANG_WARN_DIRECT_OBJC_ISA_USAGE = YES_ERROR;
				CLANG_WARN_EMPTY_BODY = YES;
				CLANG_WARN_ENUM_CONVERSION = YES;
				CLANG_WARN_INT_CONVERSION = YES;
				CLANG_WARN_OBJC_ROOT_CLASS = YES_ERROR;
				CLANG_WARN__DUPLICATE_METHOD_MATCH = YES;
				"CODE_SIGN_IDENTITY[sdk=iphoneos*]" = "iPhone Developer";
				COPY_PHASE_STRIP = YES;
				ENABLE_NS_ASSERTIONS = NO;
				GCC_C_LANGUAGE_STANDARD = gnu99;
				GCC_WARN_64_TO_32_BIT_CONVERSION = YES;
				GCC_WARN_ABOUT_RETURN_TYPE = YES_ERROR;
				GCC_WARN_UNDECLARED_SELECTOR = YES;
				GCC_WARN_UNINITIALIZED_AUTOS = YES;
				GCC_WARN_UNUSED_FUNCTION = YES;
				GCC_WARN_UNUSED_VARIABLE = YES;
				IPHONEOS_DEPLOYMENT_TARGET = 7.0;
				SDKROOT = iphoneos;
				TARGETED_DEVICE_FAMILY = 2;
				VALIDATE_PRODUCT = YES;
			};
			name = Release;
		};
		18A84C931851D32700612BE5 /* Debug */ = {
			isa = XCBuildConfiguration;
			baseConfigurationReference = F248A30DA07F413CB7568B8E /* Pods.xcconfig */;
			buildSettings = {
				ASSETCATALOG_COMPILER_APPICON_NAME = AppIcon;
				ASSETCATALOG_COMPILER_LAUNCHIMAGE_NAME = LaunchImage;
				GCC_PRECOMPILE_PREFIX_HEADER = YES;
				GCC_PREFIX_HEADER = "ParlamentApp/ParlamentApp-Prefix.pch";
				INFOPLIST_FILE = "ParlamentApp/ParlamentApp-Info.plist";
				PRODUCT_NAME = "$(TARGET_NAME)";
				VALID_ARCHS = "armv7 armv7s";
				WRAPPER_EXTENSION = app;
			};
			name = Debug;
		};
		18A84C941851D32700612BE5 /* Release */ = {
			isa = XCBuildConfiguration;
			baseConfigurationReference = F248A30DA07F413CB7568B8E /* Pods.xcconfig */;
			buildSettings = {
				ASSETCATALOG_COMPILER_APPICON_NAME = AppIcon;
				ASSETCATALOG_COMPILER_LAUNCHIMAGE_NAME = LaunchImage;
				GCC_PRECOMPILE_PREFIX_HEADER = YES;
				GCC_PREFIX_HEADER = "ParlamentApp/ParlamentApp-Prefix.pch";
				INFOPLIST_FILE = "ParlamentApp/ParlamentApp-Info.plist";
				OTHER_CFLAGS = "";
				OTHER_CPLUSPLUSFLAGS = "";
				PRODUCT_NAME = "$(TARGET_NAME)";
				VALID_ARCHS = "armv7 armv7s";
				WRAPPER_EXTENSION = app;
			};
			name = Release;
		};
		18A84C961851D32700612BE5 /* Debug */ = {
			isa = XCBuildConfiguration;
			buildSettings = {
				ARCHS = "$(ARCHS_STANDARD_INCLUDING_64_BIT)";
				BUNDLE_LOADER = "$(BUILT_PRODUCTS_DIR)/ParlamentApp.app/ParlamentApp";
				FRAMEWORK_SEARCH_PATHS = (
					"$(SDKROOT)/Developer/Library/Frameworks",
					"$(inherited)",
					"$(DEVELOPER_FRAMEWORKS_DIR)",
				);
				GCC_PRECOMPILE_PREFIX_HEADER = YES;
				GCC_PREFIX_HEADER = "ParlamentApp/ParlamentApp-Prefix.pch";
				GCC_PREPROCESSOR_DEFINITIONS = (
					"DEBUG=1",
					"$(inherited)",
				);
				INFOPLIST_FILE = "ParlamentAppTests/ParlamentAppTests-Info.plist";
				PRODUCT_NAME = "$(TARGET_NAME)";
				TEST_HOST = "$(BUNDLE_LOADER)";
				WRAPPER_EXTENSION = xctest;
			};
			name = Debug;
		};
		18A84C971851D32700612BE5 /* Release */ = {
			isa = XCBuildConfiguration;
			buildSettings = {
				ARCHS = "$(ARCHS_STANDARD_INCLUDING_64_BIT)";
				BUNDLE_LOADER = "$(BUILT_PRODUCTS_DIR)/ParlamentApp.app/ParlamentApp";
				FRAMEWORK_SEARCH_PATHS = (
					"$(SDKROOT)/Developer/Library/Frameworks",
					"$(inherited)",
					"$(DEVELOPER_FRAMEWORKS_DIR)",
				);
				GCC_PRECOMPILE_PREFIX_HEADER = YES;
				GCC_PREFIX_HEADER = "ParlamentApp/ParlamentApp-Prefix.pch";
				INFOPLIST_FILE = "ParlamentAppTests/ParlamentAppTests-Info.plist";
				PRODUCT_NAME = "$(TARGET_NAME)";
				TEST_HOST = "$(BUNDLE_LOADER)";
				WRAPPER_EXTENSION = xctest;
			};
			name = Release;
		};
/* End XCBuildConfiguration section */

/* Begin XCConfigurationList section */
		18A84C5B1851D32600612BE5 /* Build configuration list for PBXProject "ParlamentApp" */ = {
			isa = XCConfigurationList;
			buildConfigurations = (
				18A84C901851D32700612BE5 /* Debug */,
				18A84C911851D32700612BE5 /* Release */,
			);
			defaultConfigurationIsVisible = 0;
			defaultConfigurationName = Release;
		};
		18A84C921851D32700612BE5 /* Build configuration list for PBXNativeTarget "ParlamentApp" */ = {
			isa = XCConfigurationList;
			buildConfigurations = (
				18A84C931851D32700612BE5 /* Debug */,
				18A84C941851D32700612BE5 /* Release */,
			);
			defaultConfigurationIsVisible = 0;
			defaultConfigurationName = Release;
		};
		18A84C951851D32700612BE5 /* Build configuration list for PBXNativeTarget "ParlamentAppTests" */ = {
			isa = XCConfigurationList;
			buildConfigurations = (
				18A84C961851D32700612BE5 /* Debug */,
				18A84C971851D32700612BE5 /* Release */,
			);
			defaultConfigurationIsVisible = 0;
			defaultConfigurationName = Release;
		};
/* End XCConfigurationList section */

/* Begin XCVersionGroup section */
		18A84C771851D32600612BE5 /* ParlamentApp.xcdatamodeld */ = {
			isa = XCVersionGroup;
			children = (
				18A84C781851D32600612BE5 /* ParlamentApp.xcdatamodel */,
			);
			currentVersion = 18A84C781851D32600612BE5 /* ParlamentApp.xcdatamodel */;
			path = ParlamentApp.xcdatamodeld;
			sourceTree = "<group>";
			versionGroupType = wrapper.xcdatamodel;
		};
/* End XCVersionGroup section */
	};
	rootObject = 18A84C581851D32600612BE5 /* Project object */;
}
